// !$*UTF8*$!
{
	archiveVersion = 1;
	classes = {
	};
	objectVersion = 48;
	objects = {

/* Begin PBXBuildFile section */
		2617E13C9E73223261E32A70 /* Pods_iOS09Tests.framework in Frameworks */ = {isa = PBXBuildFile; fileRef = 1C808902D94872ACD7DB2EA6 /* Pods_iOS09Tests.framework */; };
		39CBBB0AEB6C5E2702F477EA /* Pods_iOS09UITests.framework in Frameworks */ = {isa = PBXBuildFile; fileRef = C7C67D865633146C153C9539 /* Pods_iOS09UITests.framework */; };
		848F1AA01FB51DB9001D524A /* AppDelegate.swift in Sources */ = {isa = PBXBuildFile; fileRef = 848F1A9F1FB51DB9001D524A /* AppDelegate.swift */; };
		848F1AA21FB51DB9001D524A /* ViewController.swift in Sources */ = {isa = PBXBuildFile; fileRef = 848F1AA11FB51DB9001D524A /* ViewController.swift */; };
		848F1AA51FB51DB9001D524A /* Main.storyboard in Resources */ = {isa = PBXBuildFile; fileRef = 848F1AA31FB51DB9001D524A /* Main.storyboard */; };
		848F1AA81FB51DB9001D524A /* iOS09.xcdatamodeld in Sources */ = {isa = PBXBuildFile; fileRef = 848F1AA61FB51DB9001D524A /* iOS09.xcdatamodeld */; };
		848F1AAA1FB51DB9001D524A /* Assets.xcassets in Resources */ = {isa = PBXBuildFile; fileRef = 848F1AA91FB51DB9001D524A /* Assets.xcassets */; };
		848F1AAD1FB51DB9001D524A /* LaunchScreen.storyboard in Resources */ = {isa = PBXBuildFile; fileRef = 848F1AAB1FB51DB9001D524A /* LaunchScreen.storyboard */; };
		848F1AB81FB51DB9001D524A /* iOS09Tests.swift in Sources */ = {isa = PBXBuildFile; fileRef = 848F1AB71FB51DB9001D524A /* iOS09Tests.swift */; };
		848F1AC31FB51DB9001D524A /* iOS09UITests.swift in Sources */ = {isa = PBXBuildFile; fileRef = 848F1AC21FB51DB9001D524A /* iOS09UITests.swift */; };
		84F3191D1FB7163500E6A193 /* LoginViewController.swift in Sources */ = {isa = PBXBuildFile; fileRef = 84F3191C1FB7163500E6A193 /* LoginViewController.swift */; };
		84F319211FB71C7A00E6A193 /* GoogleService-Info.plist in Resources */ = {isa = PBXBuildFile; fileRef = 84F319201FB71C7A00E6A193 /* GoogleService-Info.plist */; };
		84F726A01FB737B3000AFAC8 /* SignUpViewController.swift in Sources */ = {isa = PBXBuildFile; fileRef = 84F7269F1FB737B3000AFAC8 /* SignUpViewController.swift */; };
		84F726A21FB73C7A000AFAC8 /* ForgotPasswordViewController.swift in Sources */ = {isa = PBXBuildFile; fileRef = 84F726A11FB73C7A000AFAC8 /* ForgotPasswordViewController.swift */; };
		C4070CE8DE6DE4F01E7B3649 /* Pods_iOS09.framework in Frameworks */ = {isa = PBXBuildFile; fileRef = 05593BAC22174F145CEFCB84 /* Pods_iOS09.framework */; };
		E4AF4B201FBB240C000D39DA /* CategoryItem.swift in Sources */ = {isa = PBXBuildFile; fileRef = E4AF4B1B1FBB240B000D39DA /* CategoryItem.swift */; };
		E4AF4B211FBB240C000D39DA /* CategoryItems.plist in Resources */ = {isa = PBXBuildFile; fileRef = E4AF4B1C1FBB240B000D39DA /* CategoryItems.plist */; };
		E4AF4B221FBB240C000D39DA /* CategoryItemTableViewCell.swift in Sources */ = {isa = PBXBuildFile; fileRef = E4AF4B1D1FBB240B000D39DA /* CategoryItemTableViewCell.swift */; };
		E4AF4B241FBB240C000D39DA /* CategoryItemsManager.swift in Sources */ = {isa = PBXBuildFile; fileRef = E4AF4B1F1FBB240C000D39DA /* CategoryItemsManager.swift */; };
		E4AF4B261FBB2493000D39DA /* CategoryViewController.swift in Sources */ = {isa = PBXBuildFile; fileRef = E4AF4B251FBB2493000D39DA /* CategoryViewController.swift */; };
		E4AF4B2A1FBB25D9000D39DA /* fontawesome-webfont.ttf in Resources */ = {isa = PBXBuildFile; fileRef = E4AF4B291FBB25D9000D39DA /* fontawesome-webfont.ttf */; };
		E4C9018A1FBDC03A00591FA5 /* dating.jpg in Resources */ = {isa = PBXBuildFile; fileRef = E4C901861FBDC03800591FA5 /* dating.jpg */; };
		E4C9018B1FBDC03A00591FA5 /* dance.jpg in Resources */ = {isa = PBXBuildFile; fileRef = E4C901871FBDC03900591FA5 /* dance.jpg */; };
		E4C9018D1FBDC03A00591FA5 /* erstis.jpg in Resources */ = {isa = PBXBuildFile; fileRef = E4C901891FBDC03A00591FA5 /* erstis.jpg */; };
		E4C901901FBDC04A00591FA5 /* sport.jpg in Resources */ = {isa = PBXBuildFile; fileRef = E4C9018E1FBDC04A00591FA5 /* sport.jpg */; };
		E4C901911FBDC04A00591FA5 /* study.jpg in Resources */ = {isa = PBXBuildFile; fileRef = E4C9018F1FBDC04A00591FA5 /* study.jpg */; };
		E4C901931FBDC08600591FA5 /* hobbies.jpg in Resources */ = {isa = PBXBuildFile; fileRef = E4C901921FBDC08600591FA5 /* hobbies.jpg */; };
/* End PBXBuildFile section */

/* Begin PBXContainerItemProxy section */
		848F1AB41FB51DB9001D524A /* PBXContainerItemProxy */ = {
			isa = PBXContainerItemProxy;
			containerPortal = 848F1A941FB51DB9001D524A /* Project object */;
			proxyType = 1;
			remoteGlobalIDString = 848F1A9B1FB51DB9001D524A;
			remoteInfo = iOS09;
		};
		848F1ABF1FB51DB9001D524A /* PBXContainerItemProxy */ = {
			isa = PBXContainerItemProxy;
			containerPortal = 848F1A941FB51DB9001D524A /* Project object */;
			proxyType = 1;
			remoteGlobalIDString = 848F1A9B1FB51DB9001D524A;
			remoteInfo = iOS09;
		};
/* End PBXContainerItemProxy section */

/* Begin PBXFileReference section */
		05593BAC22174F145CEFCB84 /* Pods_iOS09.framework */ = {isa = PBXFileReference; explicitFileType = wrapper.framework; includeInIndex = 0; path = Pods_iOS09.framework; sourceTree = BUILT_PRODUCTS_DIR; };
		13AB73D28AD0208F14F1DA03 /* Pods-iOS09.release.xcconfig */ = {isa = PBXFileReference; includeInIndex = 1; lastKnownFileType = text.xcconfig; name = "Pods-iOS09.release.xcconfig"; path = "Pods/Target Support Files/Pods-iOS09/Pods-iOS09.release.xcconfig"; sourceTree = "<group>"; };
		1C808902D94872ACD7DB2EA6 /* Pods_iOS09Tests.framework */ = {isa = PBXFileReference; explicitFileType = wrapper.framework; includeInIndex = 0; path = Pods_iOS09Tests.framework; sourceTree = BUILT_PRODUCTS_DIR; };
		4834D53C030E267751B23DE5 /* Pods-iOS09Tests.release.xcconfig */ = {isa = PBXFileReference; includeInIndex = 1; lastKnownFileType = text.xcconfig; name = "Pods-iOS09Tests.release.xcconfig"; path = "Pods/Target Support Files/Pods-iOS09Tests/Pods-iOS09Tests.release.xcconfig"; sourceTree = "<group>"; };
		848F1A9C1FB51DB9001D524A /* iOS09.app */ = {isa = PBXFileReference; explicitFileType = wrapper.application; includeInIndex = 0; path = iOS09.app; sourceTree = BUILT_PRODUCTS_DIR; };
		848F1A9F1FB51DB9001D524A /* AppDelegate.swift */ = {isa = PBXFileReference; lastKnownFileType = sourcecode.swift; path = AppDelegate.swift; sourceTree = "<group>"; };
		848F1AA11FB51DB9001D524A /* ViewController.swift */ = {isa = PBXFileReference; lastKnownFileType = sourcecode.swift; path = ViewController.swift; sourceTree = "<group>"; };
		848F1AA41FB51DB9001D524A /* Base */ = {isa = PBXFileReference; lastKnownFileType = file.storyboard; name = Base; path = Base.lproj/Main.storyboard; sourceTree = "<group>"; };
		848F1AA71FB51DB9001D524A /* iOS09.xcdatamodel */ = {isa = PBXFileReference; lastKnownFileType = wrapper.xcdatamodel; path = iOS09.xcdatamodel; sourceTree = "<group>"; };
		848F1AA91FB51DB9001D524A /* Assets.xcassets */ = {isa = PBXFileReference; lastKnownFileType = folder.assetcatalog; path = Assets.xcassets; sourceTree = "<group>"; };
		848F1AAC1FB51DB9001D524A /* Base */ = {isa = PBXFileReference; lastKnownFileType = file.storyboard; name = Base; path = Base.lproj/LaunchScreen.storyboard; sourceTree = "<group>"; };
		848F1AAE1FB51DB9001D524A /* Info.plist */ = {isa = PBXFileReference; lastKnownFileType = text.plist.xml; path = Info.plist; sourceTree = "<group>"; };
		848F1AB31FB51DB9001D524A /* iOS09Tests.xctest */ = {isa = PBXFileReference; explicitFileType = wrapper.cfbundle; includeInIndex = 0; path = iOS09Tests.xctest; sourceTree = BUILT_PRODUCTS_DIR; };
		848F1AB71FB51DB9001D524A /* iOS09Tests.swift */ = {isa = PBXFileReference; lastKnownFileType = sourcecode.swift; path = iOS09Tests.swift; sourceTree = "<group>"; };
		848F1AB91FB51DB9001D524A /* Info.plist */ = {isa = PBXFileReference; lastKnownFileType = text.plist.xml; path = Info.plist; sourceTree = "<group>"; };
		848F1ABE1FB51DB9001D524A /* iOS09UITests.xctest */ = {isa = PBXFileReference; explicitFileType = wrapper.cfbundle; includeInIndex = 0; path = iOS09UITests.xctest; sourceTree = BUILT_PRODUCTS_DIR; };
		848F1AC21FB51DB9001D524A /* iOS09UITests.swift */ = {isa = PBXFileReference; lastKnownFileType = sourcecode.swift; path = iOS09UITests.swift; sourceTree = "<group>"; };
		848F1AC41FB51DB9001D524A /* Info.plist */ = {isa = PBXFileReference; lastKnownFileType = text.plist.xml; path = Info.plist; sourceTree = "<group>"; };
		84F3191C1FB7163500E6A193 /* LoginViewController.swift */ = {isa = PBXFileReference; lastKnownFileType = sourcecode.swift; path = LoginViewController.swift; sourceTree = "<group>"; };
		84F319201FB71C7A00E6A193 /* GoogleService-Info.plist */ = {isa = PBXFileReference; fileEncoding = 4; lastKnownFileType = text.plist.xml; path = "GoogleService-Info.plist"; sourceTree = SOURCE_ROOT; };
		84F7269F1FB737B3000AFAC8 /* SignUpViewController.swift */ = {isa = PBXFileReference; lastKnownFileType = sourcecode.swift; path = SignUpViewController.swift; sourceTree = "<group>"; };
		84F726A11FB73C7A000AFAC8 /* ForgotPasswordViewController.swift */ = {isa = PBXFileReference; lastKnownFileType = sourcecode.swift; path = ForgotPasswordViewController.swift; sourceTree = "<group>"; };
		89B82B2918D83D2651C66D65 /* Pods-iOS09UITests.release.xcconfig */ = {isa = PBXFileReference; includeInIndex = 1; lastKnownFileType = text.xcconfig; name = "Pods-iOS09UITests.release.xcconfig"; path = "Pods/Target Support Files/Pods-iOS09UITests/Pods-iOS09UITests.release.xcconfig"; sourceTree = "<group>"; };
		B74F2AA970AA748395BF8FC3 /* Pods-iOS09.debug.xcconfig */ = {isa = PBXFileReference; includeInIndex = 1; lastKnownFileType = text.xcconfig; name = "Pods-iOS09.debug.xcconfig"; path = "Pods/Target Support Files/Pods-iOS09/Pods-iOS09.debug.xcconfig"; sourceTree = "<group>"; };
		BE9315F41E135C8D77836912 /* Pods-iOS09Tests.debug.xcconfig */ = {isa = PBXFileReference; includeInIndex = 1; lastKnownFileType = text.xcconfig; name = "Pods-iOS09Tests.debug.xcconfig"; path = "Pods/Target Support Files/Pods-iOS09Tests/Pods-iOS09Tests.debug.xcconfig"; sourceTree = "<group>"; };
		C7C67D865633146C153C9539 /* Pods_iOS09UITests.framework */ = {isa = PBXFileReference; explicitFileType = wrapper.framework; includeInIndex = 0; path = Pods_iOS09UITests.framework; sourceTree = BUILT_PRODUCTS_DIR; };
		E4AF4B1B1FBB240B000D39DA /* CategoryItem.swift */ = {isa = PBXFileReference; fileEncoding = 4; lastKnownFileType = sourcecode.swift; path = CategoryItem.swift; sourceTree = "<group>"; };
		E4AF4B1C1FBB240B000D39DA /* CategoryItems.plist */ = {isa = PBXFileReference; fileEncoding = 4; lastKnownFileType = text.plist.xml; name = CategoryItems.plist; path = ../../workspace/UniGram/UniGram/CategoryItems.plist; sourceTree = "<group>"; };
		E4AF4B1D1FBB240B000D39DA /* CategoryItemTableViewCell.swift */ = {isa = PBXFileReference; fileEncoding = 4; lastKnownFileType = sourcecode.swift; name = CategoryItemTableViewCell.swift; path = /Users/lkondylidou/Desktop/workspace/UniGram/UniGram/CategoryItemTableViewCell.swift; sourceTree = "<absolute>"; };
		E4AF4B1F1FBB240C000D39DA /* CategoryItemsManager.swift */ = {isa = PBXFileReference; fileEncoding = 4; lastKnownFileType = sourcecode.swift; name = CategoryItemsManager.swift; path = /Users/lkondylidou/Desktop/workspace/UniGram/UniGram/CategoryItemsManager.swift; sourceTree = "<absolute>"; };
		E4AF4B251FBB2493000D39DA /* CategoryViewController.swift */ = {isa = PBXFileReference; lastKnownFileType = sourcecode.swift; name = CategoryViewController.swift; path = /Users/lkondylidou/Desktop/UniGram/iOS09/CategoryViewController.swift; sourceTree = "<absolute>"; };
		E4AF4B291FBB25D9000D39DA /* fontawesome-webfont.ttf */ = {isa = PBXFileReference; lastKnownFileType = file; name = "fontawesome-webfont.ttf"; path = "../../Downloads/font-awesome-4.7.0/fonts/fontawesome-webfont.ttf"; sourceTree = "<group>"; };
		E4C901861FBDC03800591FA5 /* dating.jpg */ = {isa = PBXFileReference; lastKnownFileType = image.jpeg; path = dating.jpg; sourceTree = "<group>"; };
		E4C901871FBDC03900591FA5 /* dance.jpg */ = {isa = PBXFileReference; lastKnownFileType = image.jpeg; path = dance.jpg; sourceTree = "<group>"; };
		E4C901891FBDC03A00591FA5 /* erstis.jpg */ = {isa = PBXFileReference; lastKnownFileType = image.jpeg; path = erstis.jpg; sourceTree = "<group>"; };
		E4C9018E1FBDC04A00591FA5 /* sport.jpg */ = {isa = PBXFileReference; lastKnownFileType = image.jpeg; path = sport.jpg; sourceTree = "<group>"; };
		E4C9018F1FBDC04A00591FA5 /* study.jpg */ = {isa = PBXFileReference; lastKnownFileType = image.jpeg; path = study.jpg; sourceTree = "<group>"; };
		E4C901921FBDC08600591FA5 /* hobbies.jpg */ = {isa = PBXFileReference; lastKnownFileType = image.jpeg; path = hobbies.jpg; sourceTree = "<group>"; };
		F22B80ED99896CE50689FBBB /* Pods-iOS09UITests.debug.xcconfig */ = {isa = PBXFileReference; includeInIndex = 1; lastKnownFileType = text.xcconfig; name = "Pods-iOS09UITests.debug.xcconfig"; path = "Pods/Target Support Files/Pods-iOS09UITests/Pods-iOS09UITests.debug.xcconfig"; sourceTree = "<group>"; };
/* End PBXFileReference section */

/* Begin PBXFrameworksBuildPhase section */
		848F1A991FB51DB9001D524A /* Frameworks */ = {
			isa = PBXFrameworksBuildPhase;
			buildActionMask = 2147483647;
			files = (
				C4070CE8DE6DE4F01E7B3649 /* Pods_iOS09.framework in Frameworks */,
			);
			runOnlyForDeploymentPostprocessing = 0;
		};
		848F1AB01FB51DB9001D524A /* Frameworks */ = {
			isa = PBXFrameworksBuildPhase;
			buildActionMask = 2147483647;
			files = (
				2617E13C9E73223261E32A70 /* Pods_iOS09Tests.framework in Frameworks */,
			);
			runOnlyForDeploymentPostprocessing = 0;
		};
		848F1ABB1FB51DB9001D524A /* Frameworks */ = {
			isa = PBXFrameworksBuildPhase;
			buildActionMask = 2147483647;
			files = (
				39CBBB0AEB6C5E2702F477EA /* Pods_iOS09UITests.framework in Frameworks */,
			);
			runOnlyForDeploymentPostprocessing = 0;
		};
/* End PBXFrameworksBuildPhase section */

/* Begin PBXGroup section */
		1C03EE87894AECEE4A73AF23 /* Pods */ = {
			isa = PBXGroup;
			children = (
				B74F2AA970AA748395BF8FC3 /* Pods-iOS09.debug.xcconfig */,
				13AB73D28AD0208F14F1DA03 /* Pods-iOS09.release.xcconfig */,
				BE9315F41E135C8D77836912 /* Pods-iOS09Tests.debug.xcconfig */,
				4834D53C030E267751B23DE5 /* Pods-iOS09Tests.release.xcconfig */,
				F22B80ED99896CE50689FBBB /* Pods-iOS09UITests.debug.xcconfig */,
				89B82B2918D83D2651C66D65 /* Pods-iOS09UITests.release.xcconfig */,
			);
			name = Pods;
			sourceTree = "<group>";
		};
		848F1A931FB51DB9001D524A = {
			isa = PBXGroup;
			children = (
				E4AF4B291FBB25D9000D39DA /* fontawesome-webfont.ttf */,
				848F1A9E1FB51DB9001D524A /* iOS09 */,
				848F1AB61FB51DB9001D524A /* iOS09Tests */,
				848F1AC11FB51DB9001D524A /* iOS09UITests */,
				848F1A9D1FB51DB9001D524A /* Products */,
				1C03EE87894AECEE4A73AF23 /* Pods */,
				A6689AB5CF60BDDEFBE3C0B2 /* Frameworks */,
			);
			sourceTree = "<group>";
		};
		848F1A9D1FB51DB9001D524A /* Products */ = {
			isa = PBXGroup;
			children = (
				848F1A9C1FB51DB9001D524A /* iOS09.app */,
				848F1AB31FB51DB9001D524A /* iOS09Tests.xctest */,
				848F1ABE1FB51DB9001D524A /* iOS09UITests.xctest */,
			);
			name = Products;
			sourceTree = "<group>";
		};
		848F1A9E1FB51DB9001D524A /* iOS09 */ = {
			isa = PBXGroup;
			children = (
				E4C901841FBDBD1100591FA5 /* Resources */,
				E4AF4B1B1FBB240B000D39DA /* CategoryItem.swift */,
				E4AF4B251FBB2493000D39DA /* CategoryViewController.swift */,
				E4AF4B1C1FBB240B000D39DA /* CategoryItems.plist */,
				E4AF4B1F1FBB240C000D39DA /* CategoryItemsManager.swift */,
				E4AF4B1D1FBB240B000D39DA /* CategoryItemTableViewCell.swift */,
				848F1A9F1FB51DB9001D524A /* AppDelegate.swift */,
				848F1AA11FB51DB9001D524A /* ViewController.swift */,
				848F1AA31FB51DB9001D524A /* Main.storyboard */,
				84F7269F1FB737B3000AFAC8 /* SignUpViewController.swift */,
				84F726A11FB73C7A000AFAC8 /* ForgotPasswordViewController.swift */,
				84F319201FB71C7A00E6A193 /* GoogleService-Info.plist */,
				84F3191C1FB7163500E6A193 /* LoginViewController.swift */,
				848F1AA91FB51DB9001D524A /* Assets.xcassets */,
				848F1AAB1FB51DB9001D524A /* LaunchScreen.storyboard */,
				848F1AAE1FB51DB9001D524A /* Info.plist */,
				848F1AA61FB51DB9001D524A /* iOS09.xcdatamodeld */,
			);
			path = iOS09;
			sourceTree = "<group>";
		};
		848F1AB61FB51DB9001D524A /* iOS09Tests */ = {
			isa = PBXGroup;
			children = (
				848F1AB71FB51DB9001D524A /* iOS09Tests.swift */,
				848F1AB91FB51DB9001D524A /* Info.plist */,
			);
			path = iOS09Tests;
			sourceTree = "<group>";
		};
		848F1AC11FB51DB9001D524A /* iOS09UITests */ = {
			isa = PBXGroup;
			children = (
				848F1AC21FB51DB9001D524A /* iOS09UITests.swift */,
				848F1AC41FB51DB9001D524A /* Info.plist */,
			);
			path = iOS09UITests;
			sourceTree = "<group>";
		};
		A6689AB5CF60BDDEFBE3C0B2 /* Frameworks */ = {
			isa = PBXGroup;
			children = (
				05593BAC22174F145CEFCB84 /* Pods_iOS09.framework */,
				1C808902D94872ACD7DB2EA6 /* Pods_iOS09Tests.framework */,
				C7C67D865633146C153C9539 /* Pods_iOS09UITests.framework */,
			);
			name = Frameworks;
			sourceTree = "<group>";
		};
		E4C901841FBDBD1100591FA5 /* Resources */ = {
			isa = PBXGroup;
			children = (
				E4C901851FBDBD1900591FA5 /* images */,
			);
			path = Resources;
			sourceTree = "<group>";
		};
		E4C901851FBDBD1900591FA5 /* images */ = {
			isa = PBXGroup;
			children = (
				E4C9018E1FBDC04A00591FA5 /* sport.jpg */,
				E4C9018F1FBDC04A00591FA5 /* study.jpg */,
				E4C901921FBDC08600591FA5 /* hobbies.jpg */,
				E4C901871FBDC03900591FA5 /* dance.jpg */,
				E4C901861FBDC03800591FA5 /* dating.jpg */,
				E4C901891FBDC03A00591FA5 /* erstis.jpg */,
			);
			path = images;
			sourceTree = "<group>";
		};
/* End PBXGroup section */

/* Begin PBXNativeTarget section */
		848F1A9B1FB51DB9001D524A /* iOS09 */ = {
			isa = PBXNativeTarget;
			buildConfigurationList = 848F1AC71FB51DB9001D524A /* Build configuration list for PBXNativeTarget "iOS09" */;
			buildPhases = (
				51B862EFD28D4ECA7BC7C2AA /* [CP] Check Pods Manifest.lock */,
				848F1A981FB51DB9001D524A /* Sources */,
				848F1A991FB51DB9001D524A /* Frameworks */,
				848F1A9A1FB51DB9001D524A /* Resources */,
				1B6B7002F5BC480D364B995C /* [CP] Embed Pods Frameworks */,
				EADC2C0150A57D7F387D6E5B /* [CP] Copy Pods Resources */,
			);
			buildRules = (
			);
			dependencies = (
			);
			name = iOS09;
			productName = iOS09;
			productReference = 848F1A9C1FB51DB9001D524A /* iOS09.app */;
			productType = "com.apple.product-type.application";
		};
		848F1AB21FB51DB9001D524A /* iOS09Tests */ = {
			isa = PBXNativeTarget;
			buildConfigurationList = 848F1ACA1FB51DB9001D524A /* Build configuration list for PBXNativeTarget "iOS09Tests" */;
			buildPhases = (
				2AEFEE28A25BD2AF38B828CD /* [CP] Check Pods Manifest.lock */,
				848F1AAF1FB51DB9001D524A /* Sources */,
				848F1AB01FB51DB9001D524A /* Frameworks */,
				848F1AB11FB51DB9001D524A /* Resources */,
				A79F18BBC2AEE2A27AD67DBF /* [CP] Embed Pods Frameworks */,
				42131994FC3A7B9D1D7F8846 /* [CP] Copy Pods Resources */,
			);
			buildRules = (
			);
			dependencies = (
				848F1AB51FB51DB9001D524A /* PBXTargetDependency */,
			);
			name = iOS09Tests;
			productName = iOS09Tests;
			productReference = 848F1AB31FB51DB9001D524A /* iOS09Tests.xctest */;
			productType = "com.apple.product-type.bundle.unit-test";
		};
		848F1ABD1FB51DB9001D524A /* iOS09UITests */ = {
			isa = PBXNativeTarget;
			buildConfigurationList = 848F1ACD1FB51DB9001D524A /* Build configuration list for PBXNativeTarget "iOS09UITests" */;
			buildPhases = (
				26F25E15BA09F4EE8C1CCDFC /* [CP] Check Pods Manifest.lock */,
				848F1ABA1FB51DB9001D524A /* Sources */,
				848F1ABB1FB51DB9001D524A /* Frameworks */,
				848F1ABC1FB51DB9001D524A /* Resources */,
				7CB6C6E12C30F0D3638ECBEE /* [CP] Embed Pods Frameworks */,
				500A5C23321DFE55BFE49586 /* [CP] Copy Pods Resources */,
			);
			buildRules = (
			);
			dependencies = (
				848F1AC01FB51DB9001D524A /* PBXTargetDependency */,
			);
			name = iOS09UITests;
			productName = iOS09UITests;
			productReference = 848F1ABE1FB51DB9001D524A /* iOS09UITests.xctest */;
			productType = "com.apple.product-type.bundle.ui-testing";
		};
/* End PBXNativeTarget section */

/* Begin PBXProject section */
		848F1A941FB51DB9001D524A /* Project object */ = {
			isa = PBXProject;
			attributes = {
				LastSwiftUpdateCheck = 0910;
				LastUpgradeCheck = 0910;
				ORGANIZATIONNAME = admin;
				TargetAttributes = {
					848F1A9B1FB51DB9001D524A = {
						CreatedOnToolsVersion = 9.1;
						ProvisioningStyle = Automatic;
					};
					848F1AB21FB51DB9001D524A = {
						CreatedOnToolsVersion = 9.1;
						ProvisioningStyle = Automatic;
						TestTargetID = 848F1A9B1FB51DB9001D524A;
					};
					848F1ABD1FB51DB9001D524A = {
						CreatedOnToolsVersion = 9.1;
						ProvisioningStyle = Automatic;
						TestTargetID = 848F1A9B1FB51DB9001D524A;
					};
				};
			};
			buildConfigurationList = 848F1A971FB51DB9001D524A /* Build configuration list for PBXProject "iOS09" */;
			compatibilityVersion = "Xcode 8.0";
			developmentRegion = en;
			hasScannedForEncodings = 0;
			knownRegions = (
				en,
				Base,
			);
			mainGroup = 848F1A931FB51DB9001D524A;
			productRefGroup = 848F1A9D1FB51DB9001D524A /* Products */;
			projectDirPath = "";
			projectRoot = "";
			targets = (
				848F1A9B1FB51DB9001D524A /* iOS09 */,
				848F1AB21FB51DB9001D524A /* iOS09Tests */,
				848F1ABD1FB51DB9001D524A /* iOS09UITests */,
			);
		};
/* End PBXProject section */

/* Begin PBXResourcesBuildPhase section */
		848F1A9A1FB51DB9001D524A /* Resources */ = {
			isa = PBXResourcesBuildPhase;
			buildActionMask = 2147483647;
			files = (
				848F1AAD1FB51DB9001D524A /* LaunchScreen.storyboard in Resources */,
				E4C901911FBDC04A00591FA5 /* study.jpg in Resources */,
				E4C9018A1FBDC03A00591FA5 /* dating.jpg in Resources */,
				84F319211FB71C7A00E6A193 /* GoogleService-Info.plist in Resources */,
				E4C9018B1FBDC03A00591FA5 /* dance.jpg in Resources */,
				848F1AAA1FB51DB9001D524A /* Assets.xcassets in Resources */,
				E4AF4B2A1FBB25D9000D39DA /* fontawesome-webfont.ttf in Resources */,
				E4C901901FBDC04A00591FA5 /* sport.jpg in Resources */,
				848F1AA51FB51DB9001D524A /* Main.storyboard in Resources */,
				E4AF4B211FBB240C000D39DA /* CategoryItems.plist in Resources */,
				E4C901931FBDC08600591FA5 /* hobbies.jpg in Resources */,
				E4C9018D1FBDC03A00591FA5 /* erstis.jpg in Resources */,
			);
			runOnlyForDeploymentPostprocessing = 0;
		};
		848F1AB11FB51DB9001D524A /* Resources */ = {
			isa = PBXResourcesBuildPhase;
			buildActionMask = 2147483647;
			files = (
			);
			runOnlyForDeploymentPostprocessing = 0;
		};
		848F1ABC1FB51DB9001D524A /* Resources */ = {
			isa = PBXResourcesBuildPhase;
			buildActionMask = 2147483647;
			files = (
			);
			runOnlyForDeploymentPostprocessing = 0;
		};
/* End PBXResourcesBuildPhase section */

/* Begin PBXShellScriptBuildPhase section */
		1B6B7002F5BC480D364B995C /* [CP] Embed Pods Frameworks */ = {
			isa = PBXShellScriptBuildPhase;
			buildActionMask = 2147483647;
			files = (
			);
			inputPaths = (
				"${SRCROOT}/Pods/Target Support Files/Pods-iOS09/Pods-iOS09-frameworks.sh",
				"${BUILT_PRODUCTS_DIR}/GTMSessionFetcher/GTMSessionFetcher.framework",
				"${BUILT_PRODUCTS_DIR}/GoogleToolboxForMac/GoogleToolboxForMac.framework",
				"${BUILT_PRODUCTS_DIR}/nanopb/nanopb.framework",
			);
			name = "[CP] Embed Pods Frameworks";
			outputPaths = (
				"${TARGET_BUILD_DIR}/${FRAMEWORKS_FOLDER_PATH}/GTMSessionFetcher.framework",
				"${TARGET_BUILD_DIR}/${FRAMEWORKS_FOLDER_PATH}/GoogleToolboxForMac.framework",
				"${TARGET_BUILD_DIR}/${FRAMEWORKS_FOLDER_PATH}/nanopb.framework",
			);
			runOnlyForDeploymentPostprocessing = 0;
			shellPath = /bin/sh;
			shellScript = "\"${SRCROOT}/Pods/Target Support Files/Pods-iOS09/Pods-iOS09-frameworks.sh\"\n";
			showEnvVarsInLog = 0;
		};
		26F25E15BA09F4EE8C1CCDFC /* [CP] Check Pods Manifest.lock */ = {
			isa = PBXShellScriptBuildPhase;
			buildActionMask = 2147483647;
			files = (
			);
			inputPaths = (
				"${PODS_PODFILE_DIR_PATH}/Podfile.lock",
				"${PODS_ROOT}/Manifest.lock",
			);
			name = "[CP] Check Pods Manifest.lock";
			outputPaths = (
				"$(DERIVED_FILE_DIR)/Pods-iOS09UITests-checkManifestLockResult.txt",
			);
			runOnlyForDeploymentPostprocessing = 0;
			shellPath = /bin/sh;
			shellScript = "diff \"${PODS_PODFILE_DIR_PATH}/Podfile.lock\" \"${PODS_ROOT}/Manifest.lock\" > /dev/null\nif [ $? != 0 ] ; then\n    # print error to STDERR\n    echo \"error: The sandbox is not in sync with the Podfile.lock. Run 'pod install' or update your CocoaPods installation.\" >&2\n    exit 1\nfi\n# This output is used by Xcode 'outputs' to avoid re-running this script phase.\necho \"SUCCESS\" > \"${SCRIPT_OUTPUT_FILE_0}\"\n";
			showEnvVarsInLog = 0;
		};
		2AEFEE28A25BD2AF38B828CD /* [CP] Check Pods Manifest.lock */ = {
			isa = PBXShellScriptBuildPhase;
			buildActionMask = 2147483647;
			files = (
			);
			inputPaths = (
				"${PODS_PODFILE_DIR_PATH}/Podfile.lock",
				"${PODS_ROOT}/Manifest.lock",
			);
			name = "[CP] Check Pods Manifest.lock";
			outputPaths = (
				"$(DERIVED_FILE_DIR)/Pods-iOS09Tests-checkManifestLockResult.txt",
			);
			runOnlyForDeploymentPostprocessing = 0;
			shellPath = /bin/sh;
			shellScript = "diff \"${PODS_PODFILE_DIR_PATH}/Podfile.lock\" \"${PODS_ROOT}/Manifest.lock\" > /dev/null\nif [ $? != 0 ] ; then\n    # print error to STDERR\n    echo \"error: The sandbox is not in sync with the Podfile.lock. Run 'pod install' or update your CocoaPods installation.\" >&2\n    exit 1\nfi\n# This output is used by Xcode 'outputs' to avoid re-running this script phase.\necho \"SUCCESS\" > \"${SCRIPT_OUTPUT_FILE_0}\"\n";
			showEnvVarsInLog = 0;
		};
		42131994FC3A7B9D1D7F8846 /* [CP] Copy Pods Resources */ = {
			isa = PBXShellScriptBuildPhase;
			buildActionMask = 2147483647;
			files = (
			);
			inputPaths = (
			);
			name = "[CP] Copy Pods Resources";
			outputPaths = (
			);
			runOnlyForDeploymentPostprocessing = 0;
			shellPath = /bin/sh;
			shellScript = "\"${SRCROOT}/Pods/Target Support Files/Pods-iOS09Tests/Pods-iOS09Tests-resources.sh\"\n";
			showEnvVarsInLog = 0;
		};
		500A5C23321DFE55BFE49586 /* [CP] Copy Pods Resources */ = {
			isa = PBXShellScriptBuildPhase;
			buildActionMask = 2147483647;
			files = (
			);
			inputPaths = (
			);
			name = "[CP] Copy Pods Resources";
			outputPaths = (
			);
			runOnlyForDeploymentPostprocessing = 0;
			shellPath = /bin/sh;
			shellScript = "\"${SRCROOT}/Pods/Target Support Files/Pods-iOS09UITests/Pods-iOS09UITests-resources.sh\"\n";
			showEnvVarsInLog = 0;
		};
		51B862EFD28D4ECA7BC7C2AA /* [CP] Check Pods Manifest.lock */ = {
			isa = PBXShellScriptBuildPhase;
			buildActionMask = 2147483647;
			files = (
			);
			inputPaths = (
				"${PODS_PODFILE_DIR_PATH}/Podfile.lock",
				"${PODS_ROOT}/Manifest.lock",
			);
			name = "[CP] Check Pods Manifest.lock";
			outputPaths = (
				"$(DERIVED_FILE_DIR)/Pods-iOS09-checkManifestLockResult.txt",
			);
			runOnlyForDeploymentPostprocessing = 0;
			shellPath = /bin/sh;
			shellScript = "diff \"${PODS_PODFILE_DIR_PATH}/Podfile.lock\" \"${PODS_ROOT}/Manifest.lock\" > /dev/null\nif [ $? != 0 ] ; then\n    # print error to STDERR\n    echo \"error: The sandbox is not in sync with the Podfile.lock. Run 'pod install' or update your CocoaPods installation.\" >&2\n    exit 1\nfi\n# This output is used by Xcode 'outputs' to avoid re-running this script phase.\necho \"SUCCESS\" > \"${SCRIPT_OUTPUT_FILE_0}\"\n";
			showEnvVarsInLog = 0;
		};
		7CB6C6E12C30F0D3638ECBEE /* [CP] Embed Pods Frameworks */ = {
			isa = PBXShellScriptBuildPhase;
			buildActionMask = 2147483647;
			files = (
			);
			inputPaths = (
			);
			name = "[CP] Embed Pods Frameworks";
			outputPaths = (
			);
			runOnlyForDeploymentPostprocessing = 0;
			shellPath = /bin/sh;
			shellScript = "\"${SRCROOT}/Pods/Target Support Files/Pods-iOS09UITests/Pods-iOS09UITests-frameworks.sh\"\n";
			showEnvVarsInLog = 0;
		};
		A79F18BBC2AEE2A27AD67DBF /* [CP] Embed Pods Frameworks */ = {
			isa = PBXShellScriptBuildPhase;
			buildActionMask = 2147483647;
			files = (
			);
			inputPaths = (
			);
			name = "[CP] Embed Pods Frameworks";
			outputPaths = (
			);
			runOnlyForDeploymentPostprocessing = 0;
			shellPath = /bin/sh;
			shellScript = "\"${SRCROOT}/Pods/Target Support Files/Pods-iOS09Tests/Pods-iOS09Tests-frameworks.sh\"\n";
			showEnvVarsInLog = 0;
		};
		EADC2C0150A57D7F387D6E5B /* [CP] Copy Pods Resources */ = {
			isa = PBXShellScriptBuildPhase;
			buildActionMask = 2147483647;
			files = (
			);
			inputPaths = (
			);
			name = "[CP] Copy Pods Resources";
			outputPaths = (
			);
			runOnlyForDeploymentPostprocessing = 0;
			shellPath = /bin/sh;
			shellScript = "\"${SRCROOT}/Pods/Target Support Files/Pods-iOS09/Pods-iOS09-resources.sh\"\n";
			showEnvVarsInLog = 0;
		};
/* End PBXShellScriptBuildPhase section */

/* Begin PBXSourcesBuildPhase section */
		848F1A981FB51DB9001D524A /* Sources */ = {
			isa = PBXSourcesBuildPhase;
			buildActionMask = 2147483647;
			files = (
				E4AF4B261FBB2493000D39DA /* CategoryViewController.swift in Sources */,
				84F3191D1FB7163500E6A193 /* LoginViewController.swift in Sources */,
				848F1AA21FB51DB9001D524A /* ViewController.swift in Sources */,
				E4AF4B221FBB240C000D39DA /* CategoryItemTableViewCell.swift in Sources */,
				84F726A21FB73C7A000AFAC8 /* ForgotPasswordViewController.swift in Sources */,
				E4AF4B201FBB240C000D39DA /* CategoryItem.swift in Sources */,
				E4AF4B241FBB240C000D39DA /* CategoryItemsManager.swift in Sources */,
				848F1AA01FB51DB9001D524A /* AppDelegate.swift in Sources */,
				848F1AA81FB51DB9001D524A /* iOS09.xcdatamodeld in Sources */,
				84F726A01FB737B3000AFAC8 /* SignUpViewController.swift in Sources */,
			);
			runOnlyForDeploymentPostprocessing = 0;
		};
		848F1AAF1FB51DB9001D524A /* Sources */ = {
			isa = PBXSourcesBuildPhase;
			buildActionMask = 2147483647;
			files = (
				848F1AB81FB51DB9001D524A /* iOS09Tests.swift in Sources */,
			);
			runOnlyForDeploymentPostprocessing = 0;
		};
		848F1ABA1FB51DB9001D524A /* Sources */ = {
			isa = PBXSourcesBuildPhase;
			buildActionMask = 2147483647;
			files = (
				848F1AC31FB51DB9001D524A /* iOS09UITests.swift in Sources */,
			);
			runOnlyForDeploymentPostprocessing = 0;
		};
/* End PBXSourcesBuildPhase section */

/* Begin PBXTargetDependency section */
		848F1AB51FB51DB9001D524A /* PBXTargetDependency */ = {
			isa = PBXTargetDependency;
			target = 848F1A9B1FB51DB9001D524A /* iOS09 */;
			targetProxy = 848F1AB41FB51DB9001D524A /* PBXContainerItemProxy */;
		};
		848F1AC01FB51DB9001D524A /* PBXTargetDependency */ = {
			isa = PBXTargetDependency;
			target = 848F1A9B1FB51DB9001D524A /* iOS09 */;
			targetProxy = 848F1ABF1FB51DB9001D524A /* PBXContainerItemProxy */;
		};
/* End PBXTargetDependency section */

/* Begin PBXVariantGroup section */
		848F1AA31FB51DB9001D524A /* Main.storyboard */ = {
			isa = PBXVariantGroup;
			children = (
				848F1AA41FB51DB9001D524A /* Base */,
			);
			name = Main.storyboard;
			sourceTree = "<group>";
		};
		848F1AAB1FB51DB9001D524A /* LaunchScreen.storyboard */ = {
			isa = PBXVariantGroup;
			children = (
				848F1AAC1FB51DB9001D524A /* Base */,
			);
			name = LaunchScreen.storyboard;
			sourceTree = "<group>";
		};
/* End PBXVariantGroup section */

/* Begin XCBuildConfiguration section */
		848F1AC51FB51DB9001D524A /* Debug */ = {
			isa = XCBuildConfiguration;
			buildSettings = {
				ALWAYS_SEARCH_USER_PATHS = NO;
				CLANG_ANALYZER_NONNULL = YES;
				CLANG_ANALYZER_NUMBER_OBJECT_CONVERSION = YES_AGGRESSIVE;
				CLANG_CXX_LANGUAGE_STANDARD = "gnu++14";
				CLANG_CXX_LIBRARY = "libc++";
				CLANG_ENABLE_MODULES = YES;
				CLANG_ENABLE_OBJC_ARC = YES;
				CLANG_WARN_BLOCK_CAPTURE_AUTORELEASING = YES;
				CLANG_WARN_BOOL_CONVERSION = YES;
				CLANG_WARN_COMMA = YES;
				CLANG_WARN_CONSTANT_CONVERSION = YES;
				CLANG_WARN_DIRECT_OBJC_ISA_USAGE = YES_ERROR;
				CLANG_WARN_DOCUMENTATION_COMMENTS = YES;
				CLANG_WARN_EMPTY_BODY = YES;
				CLANG_WARN_ENUM_CONVERSION = YES;
				CLANG_WARN_INFINITE_RECURSION = YES;
				CLANG_WARN_INT_CONVERSION = YES;
				CLANG_WARN_NON_LITERAL_NULL_CONVERSION = YES;
				CLANG_WARN_OBJC_LITERAL_CONVERSION = YES;
				CLANG_WARN_OBJC_ROOT_CLASS = YES_ERROR;
				CLANG_WARN_RANGE_LOOP_ANALYSIS = YES;
				CLANG_WARN_STRICT_PROTOTYPES = YES;
				CLANG_WARN_SUSPICIOUS_MOVE = YES;
				CLANG_WARN_UNGUARDED_AVAILABILITY = YES_AGGRESSIVE;
				CLANG_WARN_UNREACHABLE_CODE = YES;
				CLANG_WARN__DUPLICATE_METHOD_MATCH = YES;
				CODE_SIGN_IDENTITY = "iPhone Developer";
				COPY_PHASE_STRIP = NO;
				DEBUG_INFORMATION_FORMAT = dwarf;
				ENABLE_STRICT_OBJC_MSGSEND = YES;
				ENABLE_TESTABILITY = YES;
				GCC_C_LANGUAGE_STANDARD = gnu11;
				GCC_DYNAMIC_NO_PIC = NO;
				GCC_NO_COMMON_BLOCKS = YES;
				GCC_OPTIMIZATION_LEVEL = 0;
				GCC_PREPROCESSOR_DEFINITIONS = (
					"DEBUG=1",
					"$(inherited)",
				);
				GCC_WARN_64_TO_32_BIT_CONVERSION = YES;
				GCC_WARN_ABOUT_RETURN_TYPE = YES_ERROR;
				GCC_WARN_UNDECLARED_SELECTOR = YES;
				GCC_WARN_UNINITIALIZED_AUTOS = YES_AGGRESSIVE;
				GCC_WARN_UNUSED_FUNCTION = YES;
				GCC_WARN_UNUSED_VARIABLE = YES;
				IPHONEOS_DEPLOYMENT_TARGET = 11.1;
				MTL_ENABLE_DEBUG_INFO = YES;
				ONLY_ACTIVE_ARCH = YES;
				SDKROOT = iphoneos;
				SWIFT_ACTIVE_COMPILATION_CONDITIONS = DEBUG;
				SWIFT_OPTIMIZATION_LEVEL = "-Onone";
			};
			name = Debug;
		};
		848F1AC61FB51DB9001D524A /* Release */ = {
			isa = XCBuildConfiguration;
			buildSettings = {
				ALWAYS_SEARCH_USER_PATHS = NO;
				CLANG_ANALYZER_NONNULL = YES;
				CLANG_ANALYZER_NUMBER_OBJECT_CONVERSION = YES_AGGRESSIVE;
				CLANG_CXX_LANGUAGE_STANDARD = "gnu++14";
				CLANG_CXX_LIBRARY = "libc++";
				CLANG_ENABLE_MODULES = YES;
				CLANG_ENABLE_OBJC_ARC = YES;
				CLANG_WARN_BLOCK_CAPTURE_AUTORELEASING = YES;
				CLANG_WARN_BOOL_CONVERSION = YES;
				CLANG_WARN_COMMA = YES;
				CLANG_WARN_CONSTANT_CONVERSION = YES;
				CLANG_WARN_DIRECT_OBJC_ISA_USAGE = YES_ERROR;
				CLANG_WARN_DOCUMENTATION_COMMENTS = YES;
				CLANG_WARN_EMPTY_BODY = YES;
				CLANG_WARN_ENUM_CONVERSION = YES;
				CLANG_WARN_INFINITE_RECURSION = YES;
				CLANG_WARN_INT_CONVERSION = YES;
				CLANG_WARN_NON_LITERAL_NULL_CONVERSION = YES;
				CLANG_WARN_OBJC_LITERAL_CONVERSION = YES;
				CLANG_WARN_OBJC_ROOT_CLASS = YES_ERROR;
				CLANG_WARN_RANGE_LOOP_ANALYSIS = YES;
				CLANG_WARN_STRICT_PROTOTYPES = YES;
				CLANG_WARN_SUSPICIOUS_MOVE = YES;
				CLANG_WARN_UNGUARDED_AVAILABILITY = YES_AGGRESSIVE;
				CLANG_WARN_UNREACHABLE_CODE = YES;
				CLANG_WARN__DUPLICATE_METHOD_MATCH = YES;
				CODE_SIGN_IDENTITY = "iPhone Developer";
				COPY_PHASE_STRIP = NO;
				DEBUG_INFORMATION_FORMAT = "dwarf-with-dsym";
				ENABLE_NS_ASSERTIONS = NO;
				ENABLE_STRICT_OBJC_MSGSEND = YES;
				GCC_C_LANGUAGE_STANDARD = gnu11;
				GCC_NO_COMMON_BLOCKS = YES;
				GCC_WARN_64_TO_32_BIT_CONVERSION = YES;
				GCC_WARN_ABOUT_RETURN_TYPE = YES_ERROR;
				GCC_WARN_UNDECLARED_SELECTOR = YES;
				GCC_WARN_UNINITIALIZED_AUTOS = YES_AGGRESSIVE;
				GCC_WARN_UNUSED_FUNCTION = YES;
				GCC_WARN_UNUSED_VARIABLE = YES;
				IPHONEOS_DEPLOYMENT_TARGET = 11.1;
				MTL_ENABLE_DEBUG_INFO = NO;
				SDKROOT = iphoneos;
				SWIFT_OPTIMIZATION_LEVEL = "-Owholemodule";
				VALIDATE_PRODUCT = YES;
			};
			name = Release;
		};
		848F1AC81FB51DB9001D524A /* Debug */ = {
			isa = XCBuildConfiguration;
			baseConfigurationReference = B74F2AA970AA748395BF8FC3 /* Pods-iOS09.debug.xcconfig */;
			buildSettings = {
				ASSETCATALOG_COMPILER_APPICON_NAME = AppIcon;
				CODE_SIGN_STYLE = Automatic;
				INFOPLIST_FILE = iOS09/Info.plist;
				LD_RUNPATH_SEARCH_PATHS = "$(inherited) @executable_path/Frameworks";
				PRODUCT_BUNDLE_IDENTIFIER = lmu.ios09;
				PRODUCT_NAME = "$(TARGET_NAME)";
				SWIFT_VERSION = 4.0;
				TARGETED_DEVICE_FAMILY = "1,2";
			};
			name = Debug;
		};
		848F1AC91FB51DB9001D524A /* Release */ = {
			isa = XCBuildConfiguration;
			baseConfigurationReference = 13AB73D28AD0208F14F1DA03 /* Pods-iOS09.release.xcconfig */;
			buildSettings = {
				ASSETCATALOG_COMPILER_APPICON_NAME = AppIcon;
				CODE_SIGN_STYLE = Automatic;
				INFOPLIST_FILE = iOS09/Info.plist;
				LD_RUNPATH_SEARCH_PATHS = "$(inherited) @executable_path/Frameworks";
				PRODUCT_BUNDLE_IDENTIFIER = lmu.ios09;
				PRODUCT_NAME = "$(TARGET_NAME)";
				SWIFT_VERSION = 4.0;
				TARGETED_DEVICE_FAMILY = "1,2";
			};
			name = Release;
		};
		848F1ACB1FB51DB9001D524A /* Debug */ = {
			isa = XCBuildConfiguration;
			baseConfigurationReference = BE9315F41E135C8D77836912 /* Pods-iOS09Tests.debug.xcconfig */;
			buildSettings = {
				ALWAYS_EMBED_SWIFT_STANDARD_LIBRARIES = YES;
				BUNDLE_LOADER = "$(TEST_HOST)";
				CODE_SIGN_STYLE = Automatic;
				INFOPLIST_FILE = iOS09Tests/Info.plist;
				LD_RUNPATH_SEARCH_PATHS = "$(inherited) @executable_path/Frameworks @loader_path/Frameworks";
				PRODUCT_BUNDLE_IDENTIFIER = lmu.iOS09Tests;
				PRODUCT_NAME = "$(TARGET_NAME)";
				SWIFT_VERSION = 4.0;
				TARGETED_DEVICE_FAMILY = "1,2";
				TEST_HOST = "$(BUILT_PRODUCTS_DIR)/iOS09.app/iOS09";
			};
			name = Debug;
		};
		848F1ACC1FB51DB9001D524A /* Release */ = {
			isa = XCBuildConfiguration;
			baseConfigurationReference = 4834D53C030E267751B23DE5 /* Pods-iOS09Tests.release.xcconfig */;
			buildSettings = {
				ALWAYS_EMBED_SWIFT_STANDARD_LIBRARIES = YES;
				BUNDLE_LOADER = "$(TEST_HOST)";
				CODE_SIGN_STYLE = Automatic;
				INFOPLIST_FILE = iOS09Tests/Info.plist;
				LD_RUNPATH_SEARCH_PATHS = "$(inherited) @executable_path/Frameworks @loader_path/Frameworks";
				PRODUCT_BUNDLE_IDENTIFIER = lmu.iOS09Tests;
				PRODUCT_NAME = "$(TARGET_NAME)";
				SWIFT_VERSION = 4.0;
				TARGETED_DEVICE_FAMILY = "1,2";
				TEST_HOST = "$(BUILT_PRODUCTS_DIR)/iOS09.app/iOS09";
			};
			name = Release;
		};
		848F1ACE1FB51DB9001D524A /* Debug */ = {
			isa = XCBuildConfiguration;
			baseConfigurationReference = F22B80ED99896CE50689FBBB /* Pods-iOS09UITests.debug.xcconfig */;
			buildSettings = {
				ALWAYS_EMBED_SWIFT_STANDARD_LIBRARIES = YES;
				CODE_SIGN_STYLE = Automatic;
				INFOPLIST_FILE = iOS09UITests/Info.plist;
				LD_RUNPATH_SEARCH_PATHS = "$(inherited) @executable_path/Frameworks @loader_path/Frameworks";
				PRODUCT_BUNDLE_IDENTIFIER = lmu.iOS09UITests;
				PRODUCT_NAME = "$(TARGET_NAME)";
				SWIFT_VERSION = 4.0;
				TARGETED_DEVICE_FAMILY = "1,2";
				TEST_TARGET_NAME = iOS09;
			};
			name = Debug;
		};
		848F1ACF1FB51DB9001D524A /* Release */ = {
			isa = XCBuildConfiguration;
			baseConfigurationReference = 89B82B2918D83D2651C66D65 /* Pods-iOS09UITests.release.xcconfig */;
			buildSettings = {
				ALWAYS_EMBED_SWIFT_STANDARD_LIBRARIES = YES;
				CODE_SIGN_STYLE = Automatic;
				INFOPLIST_FILE = iOS09UITests/Info.plist;
				LD_RUNPATH_SEARCH_PATHS = "$(inherited) @executable_path/Frameworks @loader_path/Frameworks";
				PRODUCT_BUNDLE_IDENTIFIER = lmu.iOS09UITests;
				PRODUCT_NAME = "$(TARGET_NAME)";
				SWIFT_VERSION = 4.0;
				TARGETED_DEVICE_FAMILY = "1,2";
				TEST_TARGET_NAME = iOS09;
			};
			name = Release;
		};
/* End XCBuildConfiguration section */

/* Begin XCConfigurationList section */
		848F1A971FB51DB9001D524A /* Build configuration list for PBXProject "iOS09" */ = {
			isa = XCConfigurationList;
			buildConfigurations = (
				848F1AC51FB51DB9001D524A /* Debug */,
				848F1AC61FB51DB9001D524A /* Release */,
			);
			defaultConfigurationIsVisible = 0;
			defaultConfigurationName = Release;
		};
		848F1AC71FB51DB9001D524A /* Build configuration list for PBXNativeTarget "iOS09" */ = {
			isa = XCConfigurationList;
			buildConfigurations = (
				848F1AC81FB51DB9001D524A /* Debug */,
				848F1AC91FB51DB9001D524A /* Release */,
			);
			defaultConfigurationIsVisible = 0;
			defaultConfigurationName = Release;
		};
		848F1ACA1FB51DB9001D524A /* Build configuration list for PBXNativeTarget "iOS09Tests" */ = {
			isa = XCConfigurationList;
			buildConfigurations = (
				848F1ACB1FB51DB9001D524A /* Debug */,
				848F1ACC1FB51DB9001D524A /* Release */,
			);
			defaultConfigurationIsVisible = 0;
			defaultConfigurationName = Release;
		};
		848F1ACD1FB51DB9001D524A /* Build configuration list for PBXNativeTarget "iOS09UITests" */ = {
			isa = XCConfigurationList;
			buildConfigurations = (
				848F1ACE1FB51DB9001D524A /* Debug */,
				848F1ACF1FB51DB9001D524A /* Release */,
			);
			defaultConfigurationIsVisible = 0;
			defaultConfigurationName = Release;
		};
/* End XCConfigurationList section */

/* Begin XCVersionGroup section */
		848F1AA61FB51DB9001D524A /* iOS09.xcdatamodeld */ = {
			isa = XCVersionGroup;
			children = (
				848F1AA71FB51DB9001D524A /* iOS09.xcdatamodel */,
			);
			currentVersion = 848F1AA71FB51DB9001D524A /* iOS09.xcdatamodel */;
			path = iOS09.xcdatamodeld;
			sourceTree = "<group>";
			versionGroupType = wrapper.xcdatamodel;
		};
/* End XCVersionGroup section */
	};
	rootObject = 848F1A941FB51DB9001D524A /* Project object */;
}
