// !$*UTF8*$!
{
	archiveVersion = 1;
	classes = {
	};
	objectVersion = 48;
	objects = {

/* Begin PBXBuildFile section */
		1CEFC6AF2003B56500085DC0 /* ThemeManager.swift in Sources */ = {isa = PBXBuildFile; fileRef = 1CEFC6AE2003B56500085DC0 /* ThemeManager.swift */; };
		21D13619172AD2717320FB6D /* Pods_iOS09.framework in Frameworks */ = {isa = PBXBuildFile; fileRef = 83B2EE46A5FE5AC6F68EED12 /* Pods_iOS09.framework */; };
		407823CA19981B0D768247C9 /* Pods_iOS09Tests.framework in Frameworks */ = {isa = PBXBuildFile; fileRef = EE11292289FF5ACB13C8CE4C /* Pods_iOS09Tests.framework */; };
		64134D3135DC7BC9D49116A3 /* Pods_iOS09UITests.framework in Frameworks */ = {isa = PBXBuildFile; fileRef = 7EB8EC723E8504DDA43D0E7D /* Pods_iOS09UITests.framework */; };
		845A0ED31FCE667D0049288B /* Event.swift in Sources */ = {isa = PBXBuildFile; fileRef = 845A0ED21FCE667D0049288B /* Event.swift */; };
		845A0ED51FCE682D0049288B /* EventTableViewController.swift in Sources */ = {isa = PBXBuildFile; fileRef = 845A0ED41FCE682D0049288B /* EventTableViewController.swift */; };
		845A0ED71FCE6DDF0049288B /* EventTableViewCell.swift in Sources */ = {isa = PBXBuildFile; fileRef = 845A0ED61FCE6DDF0049288B /* EventTableViewCell.swift */; };
		847F2CC41FCE3B08001FD92D /* ProfileViewController.swift in Sources */ = {isa = PBXBuildFile; fileRef = 847F2CC31FCE3B08001FD92D /* ProfileViewController.swift */; };
		847F2CC61FCE4A38001FD92D /* CreateEventViewController.swift in Sources */ = {isa = PBXBuildFile; fileRef = 847F2CC51FCE4A38001FD92D /* CreateEventViewController.swift */; };
		84A62CC61FBB2B9800784C2F /* GoogleService-Info.plist in Resources */ = {isa = PBXBuildFile; fileRef = 84A62CC51FBB2B9800784C2F /* GoogleService-Info.plist */; };
		84A62D0D1FBCB46200784C2F /* Users.swift in Sources */ = {isa = PBXBuildFile; fileRef = 84A62D0C1FBCB46200784C2F /* Users.swift */; };
		84D12FBA1FC5E29900FE3887 /* CategoryItem.swift in Sources */ = {isa = PBXBuildFile; fileRef = 84D12FB91FC5E29900FE3887 /* CategoryItem.swift */; };
		84D12FBC1FC5E2B300FE3887 /* CategoryItemsManager.swift in Sources */ = {isa = PBXBuildFile; fileRef = 84D12FBB1FC5E2B300FE3887 /* CategoryItemsManager.swift */; };
		84D12FBE1FC5E2F000FE3887 /* CategoryItemTableViewCell.swift in Sources */ = {isa = PBXBuildFile; fileRef = 84D12FBD1FC5E2F000FE3887 /* CategoryItemTableViewCell.swift */; };
		84D12FC01FC5E31000FE3887 /* CategoryViewController.swift in Sources */ = {isa = PBXBuildFile; fileRef = 84D12FBF1FC5E31000FE3887 /* CategoryViewController.swift */; };
		84D12FC21FC5E3C300FE3887 /* CategoryItems.plist in Resources */ = {isa = PBXBuildFile; fileRef = 84D12FC11FC5E3C300FE3887 /* CategoryItems.plist */; };
		84F7F5161FB7D7E000178737 /* AppDelegate.swift in Sources */ = {isa = PBXBuildFile; fileRef = 84F7F5151FB7D7E000178737 /* AppDelegate.swift */; };
		84F7F51B1FB7D7E000178737 /* Main.storyboard in Resources */ = {isa = PBXBuildFile; fileRef = 84F7F5191FB7D7E000178737 /* Main.storyboard */; };
		84F7F51E1FB7D7E000178737 /* iOS09.xcdatamodeld in Sources */ = {isa = PBXBuildFile; fileRef = 84F7F51C1FB7D7E000178737 /* iOS09.xcdatamodeld */; };
		84F7F5201FB7D7E000178737 /* Assets.xcassets in Resources */ = {isa = PBXBuildFile; fileRef = 84F7F51F1FB7D7E000178737 /* Assets.xcassets */; };
		84F7F5231FB7D7E000178737 /* LaunchScreen.storyboard in Resources */ = {isa = PBXBuildFile; fileRef = 84F7F5211FB7D7E000178737 /* LaunchScreen.storyboard */; };
		84F7F52E1FB7D7E000178737 /* iOS09Tests.swift in Sources */ = {isa = PBXBuildFile; fileRef = 84F7F52D1FB7D7E000178737 /* iOS09Tests.swift */; };
		84F7F5391FB7D7E000178737 /* iOS09UITests.swift in Sources */ = {isa = PBXBuildFile; fileRef = 84F7F5381FB7D7E000178737 /* iOS09UITests.swift */; };
		84F7F5471FB7DA2400178737 /* SignUpViewController.swift in Sources */ = {isa = PBXBuildFile; fileRef = 84F7F5461FB7DA2400178737 /* SignUpViewController.swift */; };
		84F7F5491FB7DA4600178737 /* ForgotPasswordViewController.swift in Sources */ = {isa = PBXBuildFile; fileRef = 84F7F5481FB7DA4600178737 /* ForgotPasswordViewController.swift */; };
		84F7F54B1FB7DA5A00178737 /* LoginViewController.swift in Sources */ = {isa = PBXBuildFile; fileRef = 84F7F54A1FB7DA5A00178737 /* LoginViewController.swift */; };
		84F7F54F1FB7DD1F00178737 /* ChangeProfileViewController.swift in Sources */ = {isa = PBXBuildFile; fileRef = 84F7F54E1FB7DD1F00178737 /* ChangeProfileViewController.swift */; };
		DE9979C61FFD22150037B979 /* ScheduleTableViewCell.swift in Sources */ = {isa = PBXBuildFile; fileRef = DE9979C51FFD22150037B979 /* ScheduleTableViewCell.swift */; };
		E40A18601FDC153000438C39 /* ScheduleViewController.swift in Sources */ = {isa = PBXBuildFile; fileRef = E40A185F1FDC153000438C39 /* ScheduleViewController.swift */; };
		E4590DAD1FEA72EF0093A1E8 /* politics.jpg in Resources */ = {isa = PBXBuildFile; fileRef = E4590DAC1FEA72EE0093A1E8 /* politics.jpg */; };
		E47387A31FC6020A006C744E /* study.jpg in Resources */ = {isa = PBXBuildFile; fileRef = E473879D1FC60208006C744E /* study.jpg */; };
		E47387A51FC6020A006C744E /* dance.jpg in Resources */ = {isa = PBXBuildFile; fileRef = E473879F1FC60209006C744E /* dance.jpg */; };
		E47387A61FC6020A006C744E /* hobbies.jpg in Resources */ = {isa = PBXBuildFile; fileRef = E47387A01FC60209006C744E /* hobbies.jpg */; };
		E47387A71FC6020A006C744E /* sport.jpg in Resources */ = {isa = PBXBuildFile; fileRef = E47387A11FC60209006C744E /* sport.jpg */; };
		E47387A81FC6020A006C744E /* erstis.jpg in Resources */ = {isa = PBXBuildFile; fileRef = E47387A21FC6020A006C744E /* erstis.jpg */; };
/* End PBXBuildFile section */

/* Begin PBXContainerItemProxy section */
		84F7F52A1FB7D7E000178737 /* PBXContainerItemProxy */ = {
			isa = PBXContainerItemProxy;
			containerPortal = 84F7F50A1FB7D7E000178737 /* Project object */;
			proxyType = 1;
			remoteGlobalIDString = 84F7F5111FB7D7E000178737;
			remoteInfo = iOS09;
		};
		84F7F5351FB7D7E000178737 /* PBXContainerItemProxy */ = {
			isa = PBXContainerItemProxy;
			containerPortal = 84F7F50A1FB7D7E000178737 /* Project object */;
			proxyType = 1;
			remoteGlobalIDString = 84F7F5111FB7D7E000178737;
			remoteInfo = iOS09;
		};
/* End PBXContainerItemProxy section */

/* Begin PBXFileReference section */
		1001E92D9387B14EA9BEF342 /* Pods-iOS09UITests.release.xcconfig */ = {isa = PBXFileReference; includeInIndex = 1; lastKnownFileType = text.xcconfig; name = "Pods-iOS09UITests.release.xcconfig"; path = "Pods/Target Support Files/Pods-iOS09UITests/Pods-iOS09UITests.release.xcconfig"; sourceTree = "<group>"; };
		1CEFC6AE2003B56500085DC0 /* ThemeManager.swift */ = {isa = PBXFileReference; lastKnownFileType = sourcecode.swift; path = ThemeManager.swift; sourceTree = "<group>"; };
		4D53724309C2253FED0B4DD3 /* Pods-iOS09Tests.debug.xcconfig */ = {isa = PBXFileReference; includeInIndex = 1; lastKnownFileType = text.xcconfig; name = "Pods-iOS09Tests.debug.xcconfig"; path = "Pods/Target Support Files/Pods-iOS09Tests/Pods-iOS09Tests.debug.xcconfig"; sourceTree = "<group>"; };
		606A5FE2154B33A1DF384993 /* Pods-iOS09.debug.xcconfig */ = {isa = PBXFileReference; includeInIndex = 1; lastKnownFileType = text.xcconfig; name = "Pods-iOS09.debug.xcconfig"; path = "Pods/Target Support Files/Pods-iOS09/Pods-iOS09.debug.xcconfig"; sourceTree = "<group>"; };
		7EB8EC723E8504DDA43D0E7D /* Pods_iOS09UITests.framework */ = {isa = PBXFileReference; explicitFileType = wrapper.framework; includeInIndex = 0; path = Pods_iOS09UITests.framework; sourceTree = BUILT_PRODUCTS_DIR; };
		83B2EE46A5FE5AC6F68EED12 /* Pods_iOS09.framework */ = {isa = PBXFileReference; explicitFileType = wrapper.framework; includeInIndex = 0; path = Pods_iOS09.framework; sourceTree = BUILT_PRODUCTS_DIR; };
		845A0ED21FCE667D0049288B /* Event.swift */ = {isa = PBXFileReference; lastKnownFileType = sourcecode.swift; path = Event.swift; sourceTree = "<group>"; };
		845A0ED41FCE682D0049288B /* EventTableViewController.swift */ = {isa = PBXFileReference; lastKnownFileType = sourcecode.swift; path = EventTableViewController.swift; sourceTree = "<group>"; };
		845A0ED61FCE6DDF0049288B /* EventTableViewCell.swift */ = {isa = PBXFileReference; lastKnownFileType = sourcecode.swift; path = EventTableViewCell.swift; sourceTree = "<group>"; };
		847F2CC31FCE3B08001FD92D /* ProfileViewController.swift */ = {isa = PBXFileReference; lastKnownFileType = sourcecode.swift; path = ProfileViewController.swift; sourceTree = "<group>"; };
		847F2CC51FCE4A38001FD92D /* CreateEventViewController.swift */ = {isa = PBXFileReference; lastKnownFileType = sourcecode.swift; path = CreateEventViewController.swift; sourceTree = "<group>"; };
		84A62CC51FBB2B9800784C2F /* GoogleService-Info.plist */ = {isa = PBXFileReference; fileEncoding = 4; lastKnownFileType = text.plist.xml; path = "GoogleService-Info.plist"; sourceTree = SOURCE_ROOT; };
		84A62D0C1FBCB46200784C2F /* Users.swift */ = {isa = PBXFileReference; lastKnownFileType = sourcecode.swift; path = Users.swift; sourceTree = "<group>"; };
		84D12FB91FC5E29900FE3887 /* CategoryItem.swift */ = {isa = PBXFileReference; lastKnownFileType = sourcecode.swift; path = CategoryItem.swift; sourceTree = "<group>"; };
		84D12FBB1FC5E2B300FE3887 /* CategoryItemsManager.swift */ = {isa = PBXFileReference; lastKnownFileType = sourcecode.swift; path = CategoryItemsManager.swift; sourceTree = "<group>"; };
		84D12FBD1FC5E2F000FE3887 /* CategoryItemTableViewCell.swift */ = {isa = PBXFileReference; lastKnownFileType = sourcecode.swift; path = CategoryItemTableViewCell.swift; sourceTree = "<group>"; };
		84D12FBF1FC5E31000FE3887 /* CategoryViewController.swift */ = {isa = PBXFileReference; lastKnownFileType = sourcecode.swift; path = CategoryViewController.swift; sourceTree = "<group>"; };
		84D12FC11FC5E3C300FE3887 /* CategoryItems.plist */ = {isa = PBXFileReference; lastKnownFileType = text.plist.xml; path = CategoryItems.plist; sourceTree = "<group>"; };
		84F7F5121FB7D7E000178737 /* iOS09.app */ = {isa = PBXFileReference; explicitFileType = wrapper.application; includeInIndex = 0; path = iOS09.app; sourceTree = BUILT_PRODUCTS_DIR; };
		84F7F5151FB7D7E000178737 /* AppDelegate.swift */ = {isa = PBXFileReference; lastKnownFileType = sourcecode.swift; path = AppDelegate.swift; sourceTree = "<group>"; };
		84F7F51A1FB7D7E000178737 /* Base */ = {isa = PBXFileReference; lastKnownFileType = file.storyboard; name = Base; path = Base.lproj/Main.storyboard; sourceTree = "<group>"; };
		84F7F51D1FB7D7E000178737 /* iOS09.xcdatamodel */ = {isa = PBXFileReference; lastKnownFileType = wrapper.xcdatamodel; path = iOS09.xcdatamodel; sourceTree = "<group>"; };
		84F7F51F1FB7D7E000178737 /* Assets.xcassets */ = {isa = PBXFileReference; lastKnownFileType = folder.assetcatalog; path = Assets.xcassets; sourceTree = "<group>"; };
		84F7F5221FB7D7E000178737 /* Base */ = {isa = PBXFileReference; lastKnownFileType = file.storyboard; name = Base; path = Base.lproj/LaunchScreen.storyboard; sourceTree = "<group>"; };
		84F7F5241FB7D7E000178737 /* Info.plist */ = {isa = PBXFileReference; lastKnownFileType = text.plist.xml; path = Info.plist; sourceTree = "<group>"; };
		84F7F5291FB7D7E000178737 /* iOS09Tests.xctest */ = {isa = PBXFileReference; explicitFileType = wrapper.cfbundle; includeInIndex = 0; path = iOS09Tests.xctest; sourceTree = BUILT_PRODUCTS_DIR; };
		84F7F52D1FB7D7E000178737 /* iOS09Tests.swift */ = {isa = PBXFileReference; lastKnownFileType = sourcecode.swift; path = iOS09Tests.swift; sourceTree = "<group>"; };
		84F7F52F1FB7D7E000178737 /* Info.plist */ = {isa = PBXFileReference; lastKnownFileType = text.plist.xml; path = Info.plist; sourceTree = "<group>"; };
		84F7F5341FB7D7E000178737 /* iOS09UITests.xctest */ = {isa = PBXFileReference; explicitFileType = wrapper.cfbundle; includeInIndex = 0; path = iOS09UITests.xctest; sourceTree = BUILT_PRODUCTS_DIR; };
		84F7F5381FB7D7E000178737 /* iOS09UITests.swift */ = {isa = PBXFileReference; lastKnownFileType = sourcecode.swift; path = iOS09UITests.swift; sourceTree = "<group>"; };
		84F7F53A1FB7D7E000178737 /* Info.plist */ = {isa = PBXFileReference; lastKnownFileType = text.plist.xml; path = Info.plist; sourceTree = "<group>"; };
		84F7F5461FB7DA2400178737 /* SignUpViewController.swift */ = {isa = PBXFileReference; lastKnownFileType = sourcecode.swift; path = SignUpViewController.swift; sourceTree = "<group>"; };
		84F7F5481FB7DA4600178737 /* ForgotPasswordViewController.swift */ = {isa = PBXFileReference; lastKnownFileType = sourcecode.swift; path = ForgotPasswordViewController.swift; sourceTree = "<group>"; };
		84F7F54A1FB7DA5A00178737 /* LoginViewController.swift */ = {isa = PBXFileReference; lastKnownFileType = sourcecode.swift; path = LoginViewController.swift; sourceTree = "<group>"; };
		84F7F54E1FB7DD1F00178737 /* ChangeProfileViewController.swift */ = {isa = PBXFileReference; lastKnownFileType = sourcecode.swift; path = ChangeProfileViewController.swift; sourceTree = "<group>"; };
		A0840E1E8E30B9680F976F4B /* Pods-iOS09Tests.release.xcconfig */ = {isa = PBXFileReference; includeInIndex = 1; lastKnownFileType = text.xcconfig; name = "Pods-iOS09Tests.release.xcconfig"; path = "Pods/Target Support Files/Pods-iOS09Tests/Pods-iOS09Tests.release.xcconfig"; sourceTree = "<group>"; };
		D0E114A47D12043624DE1900 /* Pods-iOS09.release.xcconfig */ = {isa = PBXFileReference; includeInIndex = 1; lastKnownFileType = text.xcconfig; name = "Pods-iOS09.release.xcconfig"; path = "Pods/Target Support Files/Pods-iOS09/Pods-iOS09.release.xcconfig"; sourceTree = "<group>"; };
		DE9979C51FFD22150037B979 /* ScheduleTableViewCell.swift */ = {isa = PBXFileReference; lastKnownFileType = sourcecode.swift; path = ScheduleTableViewCell.swift; sourceTree = "<group>"; };
		E40A185F1FDC153000438C39 /* ScheduleViewController.swift */ = {isa = PBXFileReference; lastKnownFileType = sourcecode.swift; path = ScheduleViewController.swift; sourceTree = "<group>"; };
		E4590DAC1FEA72EE0093A1E8 /* politics.jpg */ = {isa = PBXFileReference; lastKnownFileType = image.jpeg; path = politics.jpg; sourceTree = "<group>"; };
		E473879D1FC60208006C744E /* study.jpg */ = {isa = PBXFileReference; lastKnownFileType = image.jpeg; path = study.jpg; sourceTree = "<group>"; };
		E473879F1FC60209006C744E /* dance.jpg */ = {isa = PBXFileReference; lastKnownFileType = image.jpeg; path = dance.jpg; sourceTree = "<group>"; };
		E47387A01FC60209006C744E /* hobbies.jpg */ = {isa = PBXFileReference; lastKnownFileType = image.jpeg; path = hobbies.jpg; sourceTree = "<group>"; };
		E47387A11FC60209006C744E /* sport.jpg */ = {isa = PBXFileReference; lastKnownFileType = image.jpeg; path = sport.jpg; sourceTree = "<group>"; };
		E47387A21FC6020A006C744E /* erstis.jpg */ = {isa = PBXFileReference; lastKnownFileType = image.jpeg; path = erstis.jpg; sourceTree = "<group>"; };
		EE11292289FF5ACB13C8CE4C /* Pods_iOS09Tests.framework */ = {isa = PBXFileReference; explicitFileType = wrapper.framework; includeInIndex = 0; path = Pods_iOS09Tests.framework; sourceTree = BUILT_PRODUCTS_DIR; };
		FBA43ABBC854BDF2A8887E17 /* Pods-iOS09UITests.debug.xcconfig */ = {isa = PBXFileReference; includeInIndex = 1; lastKnownFileType = text.xcconfig; name = "Pods-iOS09UITests.debug.xcconfig"; path = "Pods/Target Support Files/Pods-iOS09UITests/Pods-iOS09UITests.debug.xcconfig"; sourceTree = "<group>"; };
/* End PBXFileReference section */

/* Begin PBXFrameworksBuildPhase section */
		84F7F50F1FB7D7E000178737 /* Frameworks */ = {
			isa = PBXFrameworksBuildPhase;
			buildActionMask = 2147483647;
			files = (
				21D13619172AD2717320FB6D /* Pods_iOS09.framework in Frameworks */,
			);
			runOnlyForDeploymentPostprocessing = 0;
		};
		84F7F5261FB7D7E000178737 /* Frameworks */ = {
			isa = PBXFrameworksBuildPhase;
			buildActionMask = 2147483647;
			files = (
				407823CA19981B0D768247C9 /* Pods_iOS09Tests.framework in Frameworks */,
			);
			runOnlyForDeploymentPostprocessing = 0;
		};
		84F7F5311FB7D7E000178737 /* Frameworks */ = {
			isa = PBXFrameworksBuildPhase;
			buildActionMask = 2147483647;
			files = (
				64134D3135DC7BC9D49116A3 /* Pods_iOS09UITests.framework in Frameworks */,
			);
			runOnlyForDeploymentPostprocessing = 0;
		};
/* End PBXFrameworksBuildPhase section */

/* Begin PBXGroup section */
		84F7F5091FB7D7E000178737 = {
			isa = PBXGroup;
			children = (
				84F7F5141FB7D7E000178737 /* iOS09 */,
				84F7F52C1FB7D7E000178737 /* iOS09Tests */,
				84F7F5371FB7D7E000178737 /* iOS09UITests */,
				84F7F5131FB7D7E000178737 /* Products */,
				ABC75385C09CD318D0B5E2D6 /* Pods */,
				CF0D7ED21DE4C0D146CE2868 /* Frameworks */,
			);
			sourceTree = "<group>";
		};
		84F7F5131FB7D7E000178737 /* Products */ = {
			isa = PBXGroup;
			children = (
				84F7F5121FB7D7E000178737 /* iOS09.app */,
				84F7F5291FB7D7E000178737 /* iOS09Tests.xctest */,
				84F7F5341FB7D7E000178737 /* iOS09UITests.xctest */,
			);
			name = Products;
			sourceTree = "<group>";
		};
		84F7F5141FB7D7E000178737 /* iOS09 */ = {
			isa = PBXGroup;
			children = (
				E4590DAC1FEA72EE0093A1E8 /* politics.jpg */,
				E473879F1FC60209006C744E /* dance.jpg */,
				E47387A21FC6020A006C744E /* erstis.jpg */,
				E47387A01FC60209006C744E /* hobbies.jpg */,
				E47387A11FC60209006C744E /* sport.jpg */,
				E473879D1FC60208006C744E /* study.jpg */,
				84A62CC51FBB2B9800784C2F /* GoogleService-Info.plist */,
				84F7F5151FB7D7E000178737 /* AppDelegate.swift */,
				845A0ED61FCE6DDF0049288B /* EventTableViewCell.swift */,
				84F7F5191FB7D7E000178737 /* Main.storyboard */,
				1CEFC6AE2003B56500085DC0 /* ThemeManager.swift */,
				E40A185F1FDC153000438C39 /* ScheduleViewController.swift */,
				845A0ED21FCE667D0049288B /* Event.swift */,
				DE9979C51FFD22150037B979 /* ScheduleTableViewCell.swift */,
				845A0ED41FCE682D0049288B /* EventTableViewController.swift */,
				847F2CC51FCE4A38001FD92D /* CreateEventViewController.swift */,
				847F2CC31FCE3B08001FD92D /* ProfileViewController.swift */,
				84F7F54E1FB7DD1F00178737 /* ChangeProfileViewController.swift */,
				84D12FB91FC5E29900FE3887 /* CategoryItem.swift */,
				84D12FBB1FC5E2B300FE3887 /* CategoryItemsManager.swift */,
				84D12FBD1FC5E2F000FE3887 /* CategoryItemTableViewCell.swift */,
				84D12FBF1FC5E31000FE3887 /* CategoryViewController.swift */,
				84F7F5461FB7DA2400178737 /* SignUpViewController.swift */,
				84F7F5481FB7DA4600178737 /* ForgotPasswordViewController.swift */,
				84F7F54A1FB7DA5A00178737 /* LoginViewController.swift */,
				84F7F51F1FB7D7E000178737 /* Assets.xcassets */,
				84F7F5211FB7D7E000178737 /* LaunchScreen.storyboard */,
				84F7F5241FB7D7E000178737 /* Info.plist */,
				84D12FC11FC5E3C300FE3887 /* CategoryItems.plist */,
				84F7F51C1FB7D7E000178737 /* iOS09.xcdatamodeld */,
				84A62D0C1FBCB46200784C2F /* Users.swift */,
			);
			path = iOS09;
			sourceTree = "<group>";
		};
		84F7F52C1FB7D7E000178737 /* iOS09Tests */ = {
			isa = PBXGroup;
			children = (
				84F7F52D1FB7D7E000178737 /* iOS09Tests.swift */,
				84F7F52F1FB7D7E000178737 /* Info.plist */,
			);
			path = iOS09Tests;
			sourceTree = "<group>";
		};
		84F7F5371FB7D7E000178737 /* iOS09UITests */ = {
			isa = PBXGroup;
			children = (
				84F7F5381FB7D7E000178737 /* iOS09UITests.swift */,
				84F7F53A1FB7D7E000178737 /* Info.plist */,
			);
			path = iOS09UITests;
			sourceTree = "<group>";
		};
		ABC75385C09CD318D0B5E2D6 /* Pods */ = {
			isa = PBXGroup;
			children = (
				606A5FE2154B33A1DF384993 /* Pods-iOS09.debug.xcconfig */,
				D0E114A47D12043624DE1900 /* Pods-iOS09.release.xcconfig */,
				4D53724309C2253FED0B4DD3 /* Pods-iOS09Tests.debug.xcconfig */,
				A0840E1E8E30B9680F976F4B /* Pods-iOS09Tests.release.xcconfig */,
				FBA43ABBC854BDF2A8887E17 /* Pods-iOS09UITests.debug.xcconfig */,
				1001E92D9387B14EA9BEF342 /* Pods-iOS09UITests.release.xcconfig */,
			);
			name = Pods;
			sourceTree = "<group>";
		};
		CF0D7ED21DE4C0D146CE2868 /* Frameworks */ = {
			isa = PBXGroup;
			children = (
				83B2EE46A5FE5AC6F68EED12 /* Pods_iOS09.framework */,
				EE11292289FF5ACB13C8CE4C /* Pods_iOS09Tests.framework */,
				7EB8EC723E8504DDA43D0E7D /* Pods_iOS09UITests.framework */,
			);
			name = Frameworks;
			sourceTree = "<group>";
		};
/* End PBXGroup section */

/* Begin PBXNativeTarget section */
		84F7F5111FB7D7E000178737 /* iOS09 */ = {
			isa = PBXNativeTarget;
			buildConfigurationList = 84F7F53D1FB7D7E000178737 /* Build configuration list for PBXNativeTarget "iOS09" */;
			buildPhases = (
				4B3B025085D2CF2FDCFBF8FB /* [CP] Check Pods Manifest.lock */,
				84F7F50E1FB7D7E000178737 /* Sources */,
				84F7F50F1FB7D7E000178737 /* Frameworks */,
				84F7F5101FB7D7E000178737 /* Resources */,
				31ED2CFE4B8E5704B85D03A9 /* [CP] Embed Pods Frameworks */,
				B75DA96923A20C6901AD47CA /* [CP] Copy Pods Resources */,
			);
			buildRules = (
			);
			dependencies = (
			);
			name = iOS09;
			productName = iOS09;
			productReference = 84F7F5121FB7D7E000178737 /* iOS09.app */;
			productType = "com.apple.product-type.application";
		};
		84F7F5281FB7D7E000178737 /* iOS09Tests */ = {
			isa = PBXNativeTarget;
			buildConfigurationList = 84F7F5401FB7D7E000178737 /* Build configuration list for PBXNativeTarget "iOS09Tests" */;
			buildPhases = (
				300075D9AF0B156910BF7EB0 /* [CP] Check Pods Manifest.lock */,
				84F7F5251FB7D7E000178737 /* Sources */,
				84F7F5261FB7D7E000178737 /* Frameworks */,
				84F7F5271FB7D7E000178737 /* Resources */,
				1C38D78EF73EABBBD39877BC /* [CP] Embed Pods Frameworks */,
				E1FFD7CCB3DE95C8E30D47CB /* [CP] Copy Pods Resources */,
			);
			buildRules = (
			);
			dependencies = (
				84F7F52B1FB7D7E000178737 /* PBXTargetDependency */,
			);
			name = iOS09Tests;
			productName = iOS09Tests;
			productReference = 84F7F5291FB7D7E000178737 /* iOS09Tests.xctest */;
			productType = "com.apple.product-type.bundle.unit-test";
		};
		84F7F5331FB7D7E000178737 /* iOS09UITests */ = {
			isa = PBXNativeTarget;
			buildConfigurationList = 84F7F5431FB7D7E000178737 /* Build configuration list for PBXNativeTarget "iOS09UITests" */;
			buildPhases = (
				EA66F949574FAAB168C4FA97 /* [CP] Check Pods Manifest.lock */,
				84F7F5301FB7D7E000178737 /* Sources */,
				84F7F5311FB7D7E000178737 /* Frameworks */,
				84F7F5321FB7D7E000178737 /* Resources */,
				B6BEC0F8194CDD473993856C /* [CP] Embed Pods Frameworks */,
				3F161483A48A561C36748719 /* [CP] Copy Pods Resources */,
			);
			buildRules = (
			);
			dependencies = (
				84F7F5361FB7D7E000178737 /* PBXTargetDependency */,
			);
			name = iOS09UITests;
			productName = iOS09UITests;
			productReference = 84F7F5341FB7D7E000178737 /* iOS09UITests.xctest */;
			productType = "com.apple.product-type.bundle.ui-testing";
		};
/* End PBXNativeTarget section */

/* Begin PBXProject section */
		84F7F50A1FB7D7E000178737 /* Project object */ = {
			isa = PBXProject;
			attributes = {
				LastSwiftUpdateCheck = 0910;
				LastUpgradeCheck = 0910;
				ORGANIZATIONNAME = admin;
				TargetAttributes = {
					84F7F5111FB7D7E000178737 = {
						CreatedOnToolsVersion = 9.1;
						ProvisioningStyle = Automatic;
					};
					84F7F5281FB7D7E000178737 = {
						CreatedOnToolsVersion = 9.1;
						ProvisioningStyle = Automatic;
						TestTargetID = 84F7F5111FB7D7E000178737;
					};
					84F7F5331FB7D7E000178737 = {
						CreatedOnToolsVersion = 9.1;
						ProvisioningStyle = Automatic;
						TestTargetID = 84F7F5111FB7D7E000178737;
					};
				};
			};
			buildConfigurationList = 84F7F50D1FB7D7E000178737 /* Build configuration list for PBXProject "iOS09" */;
			compatibilityVersion = "Xcode 8.0";
			developmentRegion = en;
			hasScannedForEncodings = 0;
			knownRegions = (
				en,
				Base,
			);
			mainGroup = 84F7F5091FB7D7E000178737;
			productRefGroup = 84F7F5131FB7D7E000178737 /* Products */;
			projectDirPath = "";
			projectRoot = "";
			targets = (
				84F7F5111FB7D7E000178737 /* iOS09 */,
				84F7F5281FB7D7E000178737 /* iOS09Tests */,
				84F7F5331FB7D7E000178737 /* iOS09UITests */,
			);
		};
/* End PBXProject section */

/* Begin PBXResourcesBuildPhase section */
		84F7F5101FB7D7E000178737 /* Resources */ = {
			isa = PBXResourcesBuildPhase;
			buildActionMask = 2147483647;
			files = (
				84F7F5231FB7D7E000178737 /* LaunchScreen.storyboard in Resources */,
				E47387A81FC6020A006C744E /* erstis.jpg in Resources */,
				E47387A71FC6020A006C744E /* sport.jpg in Resources */,
				E47387A31FC6020A006C744E /* study.jpg in Resources */,
				E47387A51FC6020A006C744E /* dance.jpg in Resources */,
				84A62CC61FBB2B9800784C2F /* GoogleService-Info.plist in Resources */,
				84F7F5201FB7D7E000178737 /* Assets.xcassets in Resources */,
				84F7F51B1FB7D7E000178737 /* Main.storyboard in Resources */,
				E47387A61FC6020A006C744E /* hobbies.jpg in Resources */,
				E4590DAD1FEA72EF0093A1E8 /* politics.jpg in Resources */,
				84D12FC21FC5E3C300FE3887 /* CategoryItems.plist in Resources */,
			);
			runOnlyForDeploymentPostprocessing = 0;
		};
		84F7F5271FB7D7E000178737 /* Resources */ = {
			isa = PBXResourcesBuildPhase;
			buildActionMask = 2147483647;
			files = (
			);
			runOnlyForDeploymentPostprocessing = 0;
		};
		84F7F5321FB7D7E000178737 /* Resources */ = {
			isa = PBXResourcesBuildPhase;
			buildActionMask = 2147483647;
			files = (
			);
			runOnlyForDeploymentPostprocessing = 0;
		};
/* End PBXResourcesBuildPhase section */

/* Begin PBXShellScriptBuildPhase section */
		1C38D78EF73EABBBD39877BC /* [CP] Embed Pods Frameworks */ = {
			isa = PBXShellScriptBuildPhase;
			buildActionMask = 2147483647;
			files = (
			);
			inputPaths = (
			);
			name = "[CP] Embed Pods Frameworks";
			outputPaths = (
			);
			runOnlyForDeploymentPostprocessing = 0;
			shellPath = /bin/sh;
			shellScript = "\"${SRCROOT}/Pods/Target Support Files/Pods-iOS09Tests/Pods-iOS09Tests-frameworks.sh\"\n";
			showEnvVarsInLog = 0;
		};
		300075D9AF0B156910BF7EB0 /* [CP] Check Pods Manifest.lock */ = {
			isa = PBXShellScriptBuildPhase;
			buildActionMask = 2147483647;
			files = (
			);
			inputPaths = (
				"${PODS_PODFILE_DIR_PATH}/Podfile.lock",
				"${PODS_ROOT}/Manifest.lock",
			);
			name = "[CP] Check Pods Manifest.lock";
			outputPaths = (
				"$(DERIVED_FILE_DIR)/Pods-iOS09Tests-checkManifestLockResult.txt",
			);
			runOnlyForDeploymentPostprocessing = 0;
			shellPath = /bin/sh;
			shellScript = "diff \"${PODS_PODFILE_DIR_PATH}/Podfile.lock\" \"${PODS_ROOT}/Manifest.lock\" > /dev/null\nif [ $? != 0 ] ; then\n    # print error to STDERR\n    echo \"error: The sandbox is not in sync with the Podfile.lock. Run 'pod install' or update your CocoaPods installation.\" >&2\n    exit 1\nfi\n# This output is used by Xcode 'outputs' to avoid re-running this script phase.\necho \"SUCCESS\" > \"${SCRIPT_OUTPUT_FILE_0}\"\n";
			showEnvVarsInLog = 0;
		};
		31ED2CFE4B8E5704B85D03A9 /* [CP] Embed Pods Frameworks */ = {
			isa = PBXShellScriptBuildPhase;
			buildActionMask = 2147483647;
			files = (
			);
			inputPaths = (
				"${SRCROOT}/Pods/Target Support Files/Pods-iOS09/Pods-iOS09-frameworks.sh",
				"${BUILT_PRODUCTS_DIR}/GTMSessionFetcher/GTMSessionFetcher.framework",
				"${BUILT_PRODUCTS_DIR}/GoogleToolboxForMac/GoogleToolboxForMac.framework",
				"${BUILT_PRODUCTS_DIR}/leveldb-library/leveldb.framework",
				"${BUILT_PRODUCTS_DIR}/nanopb/nanopb.framework",
			);
			name = "[CP] Embed Pods Frameworks";
			outputPaths = (
				"${TARGET_BUILD_DIR}/${FRAMEWORKS_FOLDER_PATH}/GTMSessionFetcher.framework",
				"${TARGET_BUILD_DIR}/${FRAMEWORKS_FOLDER_PATH}/GoogleToolboxForMac.framework",
				"${TARGET_BUILD_DIR}/${FRAMEWORKS_FOLDER_PATH}/leveldb.framework",
				"${TARGET_BUILD_DIR}/${FRAMEWORKS_FOLDER_PATH}/nanopb.framework",
			);
			runOnlyForDeploymentPostprocessing = 0;
			shellPath = /bin/sh;
			shellScript = "\"${SRCROOT}/Pods/Target Support Files/Pods-iOS09/Pods-iOS09-frameworks.sh\"\n";
			showEnvVarsInLog = 0;
		};
		3F161483A48A561C36748719 /* [CP] Copy Pods Resources */ = {
			isa = PBXShellScriptBuildPhase;
			buildActionMask = 2147483647;
			files = (
			);
			inputPaths = (
			);
			name = "[CP] Copy Pods Resources";
			outputPaths = (
			);
			runOnlyForDeploymentPostprocessing = 0;
			shellPath = /bin/sh;
			shellScript = "\"${SRCROOT}/Pods/Target Support Files/Pods-iOS09UITests/Pods-iOS09UITests-resources.sh\"\n";
			showEnvVarsInLog = 0;
		};
		4B3B025085D2CF2FDCFBF8FB /* [CP] Check Pods Manifest.lock */ = {
			isa = PBXShellScriptBuildPhase;
			buildActionMask = 2147483647;
			files = (
			);
			inputPaths = (
				"${PODS_PODFILE_DIR_PATH}/Podfile.lock",
				"${PODS_ROOT}/Manifest.lock",
			);
			name = "[CP] Check Pods Manifest.lock";
			outputPaths = (
				"$(DERIVED_FILE_DIR)/Pods-iOS09-checkManifestLockResult.txt",
			);
			runOnlyForDeploymentPostprocessing = 0;
			shellPath = /bin/sh;
			shellScript = "diff \"${PODS_PODFILE_DIR_PATH}/Podfile.lock\" \"${PODS_ROOT}/Manifest.lock\" > /dev/null\nif [ $? != 0 ] ; then\n    # print error to STDERR\n    echo \"error: The sandbox is not in sync with the Podfile.lock. Run 'pod install' or update your CocoaPods installation.\" >&2\n    exit 1\nfi\n# This output is used by Xcode 'outputs' to avoid re-running this script phase.\necho \"SUCCESS\" > \"${SCRIPT_OUTPUT_FILE_0}\"\n";
			showEnvVarsInLog = 0;
		};
		B6BEC0F8194CDD473993856C /* [CP] Embed Pods Frameworks */ = {
			isa = PBXShellScriptBuildPhase;
			buildActionMask = 2147483647;
			files = (
			);
			inputPaths = (
			);
			name = "[CP] Embed Pods Frameworks";
			outputPaths = (
			);
			runOnlyForDeploymentPostprocessing = 0;
			shellPath = /bin/sh;
			shellScript = "\"${SRCROOT}/Pods/Target Support Files/Pods-iOS09UITests/Pods-iOS09UITests-frameworks.sh\"\n";
			showEnvVarsInLog = 0;
		};
		B75DA96923A20C6901AD47CA /* [CP] Copy Pods Resources */ = {
			isa = PBXShellScriptBuildPhase;
			buildActionMask = 2147483647;
			files = (
			);
			inputPaths = (
			);
			name = "[CP] Copy Pods Resources";
			outputPaths = (
			);
			runOnlyForDeploymentPostprocessing = 0;
			shellPath = /bin/sh;
			shellScript = "\"${SRCROOT}/Pods/Target Support Files/Pods-iOS09/Pods-iOS09-resources.sh\"\n";
			showEnvVarsInLog = 0;
		};
		E1FFD7CCB3DE95C8E30D47CB /* [CP] Copy Pods Resources */ = {
			isa = PBXShellScriptBuildPhase;
			buildActionMask = 2147483647;
			files = (
			);
			inputPaths = (
			);
			name = "[CP] Copy Pods Resources";
			outputPaths = (
			);
			runOnlyForDeploymentPostprocessing = 0;
			shellPath = /bin/sh;
			shellScript = "\"${SRCROOT}/Pods/Target Support Files/Pods-iOS09Tests/Pods-iOS09Tests-resources.sh\"\n";
			showEnvVarsInLog = 0;
		};
		EA66F949574FAAB168C4FA97 /* [CP] Check Pods Manifest.lock */ = {
			isa = PBXShellScriptBuildPhase;
			buildActionMask = 2147483647;
			files = (
			);
			inputPaths = (
				"${PODS_PODFILE_DIR_PATH}/Podfile.lock",
				"${PODS_ROOT}/Manifest.lock",
			);
			name = "[CP] Check Pods Manifest.lock";
			outputPaths = (
				"$(DERIVED_FILE_DIR)/Pods-iOS09UITests-checkManifestLockResult.txt",
			);
			runOnlyForDeploymentPostprocessing = 0;
			shellPath = /bin/sh;
			shellScript = "diff \"${PODS_PODFILE_DIR_PATH}/Podfile.lock\" \"${PODS_ROOT}/Manifest.lock\" > /dev/null\nif [ $? != 0 ] ; then\n    # print error to STDERR\n    echo \"error: The sandbox is not in sync with the Podfile.lock. Run 'pod install' or update your CocoaPods installation.\" >&2\n    exit 1\nfi\n# This output is used by Xcode 'outputs' to avoid re-running this script phase.\necho \"SUCCESS\" > \"${SCRIPT_OUTPUT_FILE_0}\"\n";
			showEnvVarsInLog = 0;
		};
/* End PBXShellScriptBuildPhase section */

/* Begin PBXSourcesBuildPhase section */
		84F7F50E1FB7D7E000178737 /* Sources */ = {
			isa = PBXSourcesBuildPhase;
			buildActionMask = 2147483647;
			files = (
				845A0ED71FCE6DDF0049288B /* EventTableViewCell.swift in Sources */,
				84A62D0D1FBCB46200784C2F /* Users.swift in Sources */,
				84F7F54B1FB7DA5A00178737 /* LoginViewController.swift in Sources */,
				847F2CC61FCE4A38001FD92D /* CreateEventViewController.swift in Sources */,
				84F7F5491FB7DA4600178737 /* ForgotPasswordViewController.swift in Sources */,
				84F7F5161FB7D7E000178737 /* AppDelegate.swift in Sources */,
				847F2CC41FCE3B08001FD92D /* ProfileViewController.swift in Sources */,
				DE9979C61FFD22150037B979 /* ScheduleTableViewCell.swift in Sources */,
				84D12FC01FC5E31000FE3887 /* CategoryViewController.swift in Sources */,
				84D12FBA1FC5E29900FE3887 /* CategoryItem.swift in Sources */,
				845A0ED31FCE667D0049288B /* Event.swift in Sources */,
				845A0ED51FCE682D0049288B /* EventTableViewController.swift in Sources */,
				E40A18601FDC153000438C39 /* ScheduleViewController.swift in Sources */,
				84F7F54F1FB7DD1F00178737 /* ChangeProfileViewController.swift in Sources */,
				84D12FBC1FC5E2B300FE3887 /* CategoryItemsManager.swift in Sources */,
				1CEFC6AF2003B56500085DC0 /* ThemeManager.swift in Sources */,
				84F7F5471FB7DA2400178737 /* SignUpViewController.swift in Sources */,
				84D12FBE1FC5E2F000FE3887 /* CategoryItemTableViewCell.swift in Sources */,
				84F7F51E1FB7D7E000178737 /* iOS09.xcdatamodeld in Sources */,
			);
			runOnlyForDeploymentPostprocessing = 0;
		};
		84F7F5251FB7D7E000178737 /* Sources */ = {
			isa = PBXSourcesBuildPhase;
			buildActionMask = 2147483647;
			files = (
				84F7F52E1FB7D7E000178737 /* iOS09Tests.swift in Sources */,
			);
			runOnlyForDeploymentPostprocessing = 0;
		};
		84F7F5301FB7D7E000178737 /* Sources */ = {
			isa = PBXSourcesBuildPhase;
			buildActionMask = 2147483647;
			files = (
				84F7F5391FB7D7E000178737 /* iOS09UITests.swift in Sources */,
			);
			runOnlyForDeploymentPostprocessing = 0;
		};
/* End PBXSourcesBuildPhase section */

/* Begin PBXTargetDependency section */
		84F7F52B1FB7D7E000178737 /* PBXTargetDependency */ = {
			isa = PBXTargetDependency;
			target = 84F7F5111FB7D7E000178737 /* iOS09 */;
			targetProxy = 84F7F52A1FB7D7E000178737 /* PBXContainerItemProxy */;
		};
		84F7F5361FB7D7E000178737 /* PBXTargetDependency */ = {
			isa = PBXTargetDependency;
			target = 84F7F5111FB7D7E000178737 /* iOS09 */;
			targetProxy = 84F7F5351FB7D7E000178737 /* PBXContainerItemProxy */;
		};
/* End PBXTargetDependency section */

/* Begin PBXVariantGroup section */
		84F7F5191FB7D7E000178737 /* Main.storyboard */ = {
			isa = PBXVariantGroup;
			children = (
				84F7F51A1FB7D7E000178737 /* Base */,
			);
			name = Main.storyboard;
			sourceTree = "<group>";
		};
		84F7F5211FB7D7E000178737 /* LaunchScreen.storyboard */ = {
			isa = PBXVariantGroup;
			children = (
				84F7F5221FB7D7E000178737 /* Base */,
			);
			name = LaunchScreen.storyboard;
			sourceTree = "<group>";
		};
/* End PBXVariantGroup section */

/* Begin XCBuildConfiguration section */
		84F7F53B1FB7D7E000178737 /* Debug */ = {
			isa = XCBuildConfiguration;
			buildSettings = {
				ALWAYS_SEARCH_USER_PATHS = NO;
				CLANG_ANALYZER_NONNULL = YES;
				CLANG_ANALYZER_NUMBER_OBJECT_CONVERSION = YES_AGGRESSIVE;
				CLANG_CXX_LANGUAGE_STANDARD = "gnu++14";
				CLANG_CXX_LIBRARY = "libc++";
				CLANG_ENABLE_MODULES = YES;
				CLANG_ENABLE_OBJC_ARC = YES;
				CLANG_WARN_BLOCK_CAPTURE_AUTORELEASING = YES;
				CLANG_WARN_BOOL_CONVERSION = YES;
				CLANG_WARN_COMMA = YES;
				CLANG_WARN_CONSTANT_CONVERSION = YES;
				CLANG_WARN_DIRECT_OBJC_ISA_USAGE = YES_ERROR;
				CLANG_WARN_DOCUMENTATION_COMMENTS = YES;
				CLANG_WARN_EMPTY_BODY = YES;
				CLANG_WARN_ENUM_CONVERSION = YES;
				CLANG_WARN_INFINITE_RECURSION = YES;
				CLANG_WARN_INT_CONVERSION = YES;
				CLANG_WARN_NON_LITERAL_NULL_CONVERSION = YES;
				CLANG_WARN_OBJC_LITERAL_CONVERSION = YES;
				CLANG_WARN_OBJC_ROOT_CLASS = YES_ERROR;
				CLANG_WARN_RANGE_LOOP_ANALYSIS = YES;
				CLANG_WARN_STRICT_PROTOTYPES = YES;
				CLANG_WARN_SUSPICIOUS_MOVE = YES;
				CLANG_WARN_UNGUARDED_AVAILABILITY = YES_AGGRESSIVE;
				CLANG_WARN_UNREACHABLE_CODE = YES;
				CLANG_WARN__DUPLICATE_METHOD_MATCH = YES;
				CODE_SIGN_IDENTITY = "iPhone Developer";
				COPY_PHASE_STRIP = NO;
				DEBUG_INFORMATION_FORMAT = dwarf;
				ENABLE_STRICT_OBJC_MSGSEND = YES;
				ENABLE_TESTABILITY = YES;
				GCC_C_LANGUAGE_STANDARD = gnu11;
				GCC_DYNAMIC_NO_PIC = NO;
				GCC_NO_COMMON_BLOCKS = YES;
				GCC_OPTIMIZATION_LEVEL = 0;
				GCC_PREPROCESSOR_DEFINITIONS = (
					"DEBUG=1",
					"$(inherited)",
				);
				GCC_WARN_64_TO_32_BIT_CONVERSION = YES;
				GCC_WARN_ABOUT_RETURN_TYPE = YES_ERROR;
				GCC_WARN_UNDECLARED_SELECTOR = YES;
				GCC_WARN_UNINITIALIZED_AUTOS = YES_AGGRESSIVE;
				GCC_WARN_UNUSED_FUNCTION = YES;
				GCC_WARN_UNUSED_VARIABLE = YES;
				IPHONEOS_DEPLOYMENT_TARGET = 11.1;
				MTL_ENABLE_DEBUG_INFO = YES;
				ONLY_ACTIVE_ARCH = YES;
				SDKROOT = iphoneos;
				SWIFT_ACTIVE_COMPILATION_CONDITIONS = DEBUG;
				SWIFT_OBJC_BRIDGING_HEADER = "Bridging-Header.h";
				SWIFT_OPTIMIZATION_LEVEL = "-Onone";
			};
			name = Debug;
		};
		84F7F53C1FB7D7E000178737 /* Release */ = {
			isa = XCBuildConfiguration;
			buildSettings = {
				ALWAYS_SEARCH_USER_PATHS = NO;
				CLANG_ANALYZER_NONNULL = YES;
				CLANG_ANALYZER_NUMBER_OBJECT_CONVERSION = YES_AGGRESSIVE;
				CLANG_CXX_LANGUAGE_STANDARD = "gnu++14";
				CLANG_CXX_LIBRARY = "libc++";
				CLANG_ENABLE_MODULES = YES;
				CLANG_ENABLE_OBJC_ARC = YES;
				CLANG_WARN_BLOCK_CAPTURE_AUTORELEASING = YES;
				CLANG_WARN_BOOL_CONVERSION = YES;
				CLANG_WARN_COMMA = YES;
				CLANG_WARN_CONSTANT_CONVERSION = YES;
				CLANG_WARN_DIRECT_OBJC_ISA_USAGE = YES_ERROR;
				CLANG_WARN_DOCUMENTATION_COMMENTS = YES;
				CLANG_WARN_EMPTY_BODY = YES;
				CLANG_WARN_ENUM_CONVERSION = YES;
				CLANG_WARN_INFINITE_RECURSION = YES;
				CLANG_WARN_INT_CONVERSION = YES;
				CLANG_WARN_NON_LITERAL_NULL_CONVERSION = YES;
				CLANG_WARN_OBJC_LITERAL_CONVERSION = YES;
				CLANG_WARN_OBJC_ROOT_CLASS = YES_ERROR;
				CLANG_WARN_RANGE_LOOP_ANALYSIS = YES;
				CLANG_WARN_STRICT_PROTOTYPES = YES;
				CLANG_WARN_SUSPICIOUS_MOVE = YES;
				CLANG_WARN_UNGUARDED_AVAILABILITY = YES_AGGRESSIVE;
				CLANG_WARN_UNREACHABLE_CODE = YES;
				CLANG_WARN__DUPLICATE_METHOD_MATCH = YES;
				CODE_SIGN_IDENTITY = "iPhone Developer";
				COPY_PHASE_STRIP = NO;
				DEBUG_INFORMATION_FORMAT = "dwarf-with-dsym";
				ENABLE_NS_ASSERTIONS = NO;
				ENABLE_STRICT_OBJC_MSGSEND = YES;
				GCC_C_LANGUAGE_STANDARD = gnu11;
				GCC_NO_COMMON_BLOCKS = YES;
				GCC_WARN_64_TO_32_BIT_CONVERSION = YES;
				GCC_WARN_ABOUT_RETURN_TYPE = YES_ERROR;
				GCC_WARN_UNDECLARED_SELECTOR = YES;
				GCC_WARN_UNINITIALIZED_AUTOS = YES_AGGRESSIVE;
				GCC_WARN_UNUSED_FUNCTION = YES;
				GCC_WARN_UNUSED_VARIABLE = YES;
				IPHONEOS_DEPLOYMENT_TARGET = 11.1;
				MTL_ENABLE_DEBUG_INFO = NO;
				SDKROOT = iphoneos;
				SWIFT_OBJC_BRIDGING_HEADER = "Bridging-Header.h";
				SWIFT_OPTIMIZATION_LEVEL = "-Owholemodule";
				VALIDATE_PRODUCT = YES;
			};
			name = Release;
		};
		84F7F53E1FB7D7E000178737 /* Debug */ = {
			isa = XCBuildConfiguration;
			baseConfigurationReference = 606A5FE2154B33A1DF384993 /* Pods-iOS09.debug.xcconfig */;
			buildSettings = {
				ASSETCATALOG_COMPILER_APPICON_NAME = AppIcon;
				CODE_SIGN_STYLE = Automatic;
				INFOPLIST_FILE = iOS09/Info.plist;
				LD_RUNPATH_SEARCH_PATHS = "$(inherited) @executable_path/Frameworks";
				PRODUCT_BUNDLE_IDENTIFIER = lmu.iOS09;
				PRODUCT_NAME = "$(TARGET_NAME)";
				SWIFT_OBJC_BRIDGING_HEADER = "";
				SWIFT_VERSION = 4.0;
				TARGETED_DEVICE_FAMILY = "1,2";
			};
			name = Debug;
		};
		84F7F53F1FB7D7E000178737 /* Release */ = {
			isa = XCBuildConfiguration;
			baseConfigurationReference = D0E114A47D12043624DE1900 /* Pods-iOS09.release.xcconfig */;
			buildSettings = {
				ASSETCATALOG_COMPILER_APPICON_NAME = AppIcon;
				CODE_SIGN_STYLE = Automatic;
				INFOPLIST_FILE = iOS09/Info.plist;
				LD_RUNPATH_SEARCH_PATHS = "$(inherited) @executable_path/Frameworks";
				PRODUCT_BUNDLE_IDENTIFIER = lmu.iOS09;
				PRODUCT_NAME = "$(TARGET_NAME)";
				SWIFT_OBJC_BRIDGING_HEADER = "";
				SWIFT_VERSION = 4.0;
				TARGETED_DEVICE_FAMILY = "1,2";
			};
			name = Release;
		};
		84F7F5411FB7D7E000178737 /* Debug */ = {
			isa = XCBuildConfiguration;
			baseConfigurationReference = 4D53724309C2253FED0B4DD3 /* Pods-iOS09Tests.debug.xcconfig */;
			buildSettings = {
				ALWAYS_EMBED_SWIFT_STANDARD_LIBRARIES = YES;
				BUNDLE_LOADER = "$(TEST_HOST)";
				CODE_SIGN_STYLE = Automatic;
				INFOPLIST_FILE = iOS09Tests/Info.plist;
				LD_RUNPATH_SEARCH_PATHS = "$(inherited) @executable_path/Frameworks @loader_path/Frameworks";
				PRODUCT_BUNDLE_IDENTIFIER = lmu.iOS09Tests;
				PRODUCT_NAME = "$(TARGET_NAME)";
				SWIFT_VERSION = 4.0;
				TARGETED_DEVICE_FAMILY = "1,2";
				TEST_HOST = "$(BUILT_PRODUCTS_DIR)/iOS09.app/iOS09";
			};
			name = Debug;
		};
		84F7F5421FB7D7E000178737 /* Release */ = {
			isa = XCBuildConfiguration;
			baseConfigurationReference = A0840E1E8E30B9680F976F4B /* Pods-iOS09Tests.release.xcconfig */;
			buildSettings = {
				ALWAYS_EMBED_SWIFT_STANDARD_LIBRARIES = YES;
				BUNDLE_LOADER = "$(TEST_HOST)";
				CODE_SIGN_STYLE = Automatic;
				INFOPLIST_FILE = iOS09Tests/Info.plist;
				LD_RUNPATH_SEARCH_PATHS = "$(inherited) @executable_path/Frameworks @loader_path/Frameworks";
				PRODUCT_BUNDLE_IDENTIFIER = lmu.iOS09Tests;
				PRODUCT_NAME = "$(TARGET_NAME)";
				SWIFT_VERSION = 4.0;
				TARGETED_DEVICE_FAMILY = "1,2";
				TEST_HOST = "$(BUILT_PRODUCTS_DIR)/iOS09.app/iOS09";
			};
			name = Release;
		};
		84F7F5441FB7D7E000178737 /* Debug */ = {
			isa = XCBuildConfiguration;
			baseConfigurationReference = FBA43ABBC854BDF2A8887E17 /* Pods-iOS09UITests.debug.xcconfig */;
			buildSettings = {
				ALWAYS_EMBED_SWIFT_STANDARD_LIBRARIES = YES;
				CODE_SIGN_STYLE = Automatic;
				INFOPLIST_FILE = iOS09UITests/Info.plist;
				LD_RUNPATH_SEARCH_PATHS = "$(inherited) @executable_path/Frameworks @loader_path/Frameworks";
				PRODUCT_BUNDLE_IDENTIFIER = lmu.iOS09UITests;
				PRODUCT_NAME = "$(TARGET_NAME)";
				SWIFT_VERSION = 4.0;
				TARGETED_DEVICE_FAMILY = "1,2";
				TEST_TARGET_NAME = iOS09;
			};
			name = Debug;
		};
		84F7F5451FB7D7E000178737 /* Release */ = {
			isa = XCBuildConfiguration;
			baseConfigurationReference = 1001E92D9387B14EA9BEF342 /* Pods-iOS09UITests.release.xcconfig */;
			buildSettings = {
				ALWAYS_EMBED_SWIFT_STANDARD_LIBRARIES = YES;
				CODE_SIGN_STYLE = Automatic;
				INFOPLIST_FILE = iOS09UITests/Info.plist;
				LD_RUNPATH_SEARCH_PATHS = "$(inherited) @executable_path/Frameworks @loader_path/Frameworks";
				PRODUCT_BUNDLE_IDENTIFIER = lmu.iOS09UITests;
				PRODUCT_NAME = "$(TARGET_NAME)";
				SWIFT_VERSION = 4.0;
				TARGETED_DEVICE_FAMILY = "1,2";
				TEST_TARGET_NAME = iOS09;
			};
			name = Release;
		};
/* End XCBuildConfiguration section */

/* Begin XCConfigurationList section */
		84F7F50D1FB7D7E000178737 /* Build configuration list for PBXProject "iOS09" */ = {
			isa = XCConfigurationList;
			buildConfigurations = (
				84F7F53B1FB7D7E000178737 /* Debug */,
				84F7F53C1FB7D7E000178737 /* Release */,
			);
			defaultConfigurationIsVisible = 0;
			defaultConfigurationName = Release;
		};
		84F7F53D1FB7D7E000178737 /* Build configuration list for PBXNativeTarget "iOS09" */ = {
			isa = XCConfigurationList;
			buildConfigurations = (
				84F7F53E1FB7D7E000178737 /* Debug */,
				84F7F53F1FB7D7E000178737 /* Release */,
			);
			defaultConfigurationIsVisible = 0;
			defaultConfigurationName = Release;
		};
		84F7F5401FB7D7E000178737 /* Build configuration list for PBXNativeTarget "iOS09Tests" */ = {
			isa = XCConfigurationList;
			buildConfigurations = (
				84F7F5411FB7D7E000178737 /* Debug */,
				84F7F5421FB7D7E000178737 /* Release */,
			);
			defaultConfigurationIsVisible = 0;
			defaultConfigurationName = Release;
		};
		84F7F5431FB7D7E000178737 /* Build configuration list for PBXNativeTarget "iOS09UITests" */ = {
			isa = XCConfigurationList;
			buildConfigurations = (
				84F7F5441FB7D7E000178737 /* Debug */,
				84F7F5451FB7D7E000178737 /* Release */,
			);
			defaultConfigurationIsVisible = 0;
			defaultConfigurationName = Release;
		};
/* End XCConfigurationList section */

/* Begin XCVersionGroup section */
		84F7F51C1FB7D7E000178737 /* iOS09.xcdatamodeld */ = {
			isa = XCVersionGroup;
			children = (
				84F7F51D1FB7D7E000178737 /* iOS09.xcdatamodel */,
			);
			currentVersion = 84F7F51D1FB7D7E000178737 /* iOS09.xcdatamodel */;
			path = iOS09.xcdatamodeld;
			sourceTree = "<group>";
			versionGroupType = wrapper.xcdatamodel;
		};
/* End XCVersionGroup section */
	};
	rootObject = 84F7F50A1FB7D7E000178737 /* Project object */;
}
