// !$*UTF8*$!
{
	archiveVersion = 1;
	classes = {
	};
	objectVersion = 48;
	objects = {

/* Begin PBXBuildFile section */
		848F1AA01FB51DB9001D524A /* AppDelegate.swift in Sources */ = {isa = PBXBuildFile; fileRef = 848F1A9F1FB51DB9001D524A /* AppDelegate.swift */; };
		848F1AA21FB51DB9001D524A /* ViewController.swift in Sources */ = {isa = PBXBuildFile; fileRef = 848F1AA11FB51DB9001D524A /* ViewController.swift */; };
		848F1AA51FB51DB9001D524A /* Main.storyboard in Resources */ = {isa = PBXBuildFile; fileRef = 848F1AA31FB51DB9001D524A /* Main.storyboard */; };
		848F1AA81FB51DB9001D524A /* iOS09.xcdatamodeld in Sources */ = {isa = PBXBuildFile; fileRef = 848F1AA61FB51DB9001D524A /* iOS09.xcdatamodeld */; };
		848F1AAA1FB51DB9001D524A /* Assets.xcassets in Resources */ = {isa = PBXBuildFile; fileRef = 848F1AA91FB51DB9001D524A /* Assets.xcassets */; };
		848F1AAD1FB51DB9001D524A /* LaunchScreen.storyboard in Resources */ = {isa = PBXBuildFile; fileRef = 848F1AAB1FB51DB9001D524A /* LaunchScreen.storyboard */; };
		848F1AB81FB51DB9001D524A /* iOS09Tests.swift in Sources */ = {isa = PBXBuildFile; fileRef = 848F1AB71FB51DB9001D524A /* iOS09Tests.swift */; };
		848F1AC31FB51DB9001D524A /* iOS09UITests.swift in Sources */ = {isa = PBXBuildFile; fileRef = 848F1AC21FB51DB9001D524A /* iOS09UITests.swift */; };
/* End PBXBuildFile section */

/* Begin PBXContainerItemProxy section */
		848F1AB41FB51DB9001D524A /* PBXContainerItemProxy */ = {
			isa = PBXContainerItemProxy;
			containerPortal = 848F1A941FB51DB9001D524A /* Project object */;
			proxyType = 1;
			remoteGlobalIDString = 848F1A9B1FB51DB9001D524A;
			remoteInfo = iOS09;
		};
		848F1ABF1FB51DB9001D524A /* PBXContainerItemProxy */ = {
			isa = PBXContainerItemProxy;
			containerPortal = 848F1A941FB51DB9001D524A /* Project object */;
			proxyType = 1;
			remoteGlobalIDString = 848F1A9B1FB51DB9001D524A;
			remoteInfo = iOS09;
		};
/* End PBXContainerItemProxy section */

/* Begin PBXFileReference section */
		848F1A9C1FB51DB9001D524A /* iOS09.app */ = {isa = PBXFileReference; explicitFileType = wrapper.application; includeInIndex = 0; path = iOS09.app; sourceTree = BUILT_PRODUCTS_DIR; };
		848F1A9F1FB51DB9001D524A /* AppDelegate.swift */ = {isa = PBXFileReference; lastKnownFileType = sourcecode.swift; path = AppDelegate.swift; sourceTree = "<group>"; };
		848F1AA11FB51DB9001D524A /* ViewController.swift */ = {isa = PBXFileReference; lastKnownFileType = sourcecode.swift; path = ViewController.swift; sourceTree = "<group>"; };
		848F1AA41FB51DB9001D524A /* Base */ = {isa = PBXFileReference; lastKnownFileType = file.storyboard; name = Base; path = Base.lproj/Main.storyboard; sourceTree = "<group>"; };
		848F1AA71FB51DB9001D524A /* iOS09.xcdatamodel */ = {isa = PBXFileReference; lastKnownFileType = wrapper.xcdatamodel; path = iOS09.xcdatamodel; sourceTree = "<group>"; };
		848F1AA91FB51DB9001D524A /* Assets.xcassets */ = {isa = PBXFileReference; lastKnownFileType = folder.assetcatalog; path = Assets.xcassets; sourceTree = "<group>"; };
		848F1AAC1FB51DB9001D524A /* Base */ = {isa = PBXFileReference; lastKnownFileType = file.storyboard; name = Base; path = Base.lproj/LaunchScreen.storyboard; sourceTree = "<group>"; };
		848F1AAE1FB51DB9001D524A /* Info.plist */ = {isa = PBXFileReference; lastKnownFileType = text.plist.xml; path = Info.plist; sourceTree = "<group>"; };
		848F1AB31FB51DB9001D524A /* iOS09Tests.xctest */ = {isa = PBXFileReference; explicitFileType = wrapper.cfbundle; includeInIndex = 0; path = iOS09Tests.xctest; sourceTree = BUILT_PRODUCTS_DIR; };
		848F1AB71FB51DB9001D524A /* iOS09Tests.swift */ = {isa = PBXFileReference; lastKnownFileType = sourcecode.swift; path = iOS09Tests.swift; sourceTree = "<group>"; };
		848F1AB91FB51DB9001D524A /* Info.plist */ = {isa = PBXFileReference; lastKnownFileType = text.plist.xml; path = Info.plist; sourceTree = "<group>"; };
		848F1ABE1FB51DB9001D524A /* iOS09UITests.xctest */ = {isa = PBXFileReference; explicitFileType = wrapper.cfbundle; includeInIndex = 0; path = iOS09UITests.xctest; sourceTree = BUILT_PRODUCTS_DIR; };
		848F1AC21FB51DB9001D524A /* iOS09UITests.swift */ = {isa = PBXFileReference; lastKnownFileType = sourcecode.swift; path = iOS09UITests.swift; sourceTree = "<group>"; };
		848F1AC41FB51DB9001D524A /* Info.plist */ = {isa = PBXFileReference; lastKnownFileType = text.plist.xml; path = Info.plist; sourceTree = "<group>"; };
/* End PBXFileReference section */

/* Begin PBXFrameworksBuildPhase section */
		848F1A991FB51DB9001D524A /* Frameworks */ = {
			isa = PBXFrameworksBuildPhase;
			buildActionMask = 2147483647;
			files = (
			);
			runOnlyForDeploymentPostprocessing = 0;
		};
		848F1AB01FB51DB9001D524A /* Frameworks */ = {
			isa = PBXFrameworksBuildPhase;
			buildActionMask = 2147483647;
			files = (
			);
			runOnlyForDeploymentPostprocessing = 0;
		};
		848F1ABB1FB51DB9001D524A /* Frameworks */ = {
			isa = PBXFrameworksBuildPhase;
			buildActionMask = 2147483647;
			files = (
			);
			runOnlyForDeploymentPostprocessing = 0;
		};
/* End PBXFrameworksBuildPhase section */

/* Begin PBXGroup section */
		848F1A931FB51DB9001D524A = {
			isa = PBXGroup;
			children = (
				848F1A9E1FB51DB9001D524A /* iOS09 */,
				848F1AB61FB51DB9001D524A /* iOS09Tests */,
				848F1AC11FB51DB9001D524A /* iOS09UITests */,
				848F1A9D1FB51DB9001D524A /* Products */,
			);
			sourceTree = "<group>";
		};
		848F1A9D1FB51DB9001D524A /* Products */ = {
			isa = PBXGroup;
			children = (
				848F1A9C1FB51DB9001D524A /* iOS09.app */,
				848F1AB31FB51DB9001D524A /* iOS09Tests.xctest */,
				848F1ABE1FB51DB9001D524A /* iOS09UITests.xctest */,
			);
			name = Products;
			sourceTree = "<group>";
		};
		848F1A9E1FB51DB9001D524A /* iOS09 */ = {
			isa = PBXGroup;
			children = (
				848F1A9F1FB51DB9001D524A /* AppDelegate.swift */,
				848F1AA11FB51DB9001D524A /* ViewController.swift */,
				848F1AA31FB51DB9001D524A /* Main.storyboard */,
				848F1AA91FB51DB9001D524A /* Assets.xcassets */,
				848F1AAB1FB51DB9001D524A /* LaunchScreen.storyboard */,
				848F1AAE1FB51DB9001D524A /* Info.plist */,
				848F1AA61FB51DB9001D524A /* iOS09.xcdatamodeld */,
			);
			path = iOS09;
			sourceTree = "<group>";
		};
		848F1AB61FB51DB9001D524A /* iOS09Tests */ = {
			isa = PBXGroup;
			children = (
				848F1AB71FB51DB9001D524A /* iOS09Tests.swift */,
				848F1AB91FB51DB9001D524A /* Info.plist */,
			);
			path = iOS09Tests;
			sourceTree = "<group>";
		};
		848F1AC11FB51DB9001D524A /* iOS09UITests */ = {
			isa = PBXGroup;
			children = (
				848F1AC21FB51DB9001D524A /* iOS09UITests.swift */,
				848F1AC41FB51DB9001D524A /* Info.plist */,
			);
			path = iOS09UITests;
			sourceTree = "<group>";
		};
/* End PBXGroup section */

/* Begin PBXNativeTarget section */
		848F1A9B1FB51DB9001D524A /* iOS09 */ = {
			isa = PBXNativeTarget;
			buildConfigurationList = 848F1AC71FB51DB9001D524A /* Build configuration list for PBXNativeTarget "iOS09" */;
			buildPhases = (
				848F1A981FB51DB9001D524A /* Sources */,
				848F1A991FB51DB9001D524A /* Frameworks */,
				848F1A9A1FB51DB9001D524A /* Resources */,
			);
			buildRules = (
			);
			dependencies = (
			);
			name = iOS09;
			productName = iOS09;
			productReference = 848F1A9C1FB51DB9001D524A /* iOS09.app */;
			productType = "com.apple.product-type.application";
		};
		848F1AB21FB51DB9001D524A /* iOS09Tests */ = {
			isa = PBXNativeTarget;
			buildConfigurationList = 848F1ACA1FB51DB9001D524A /* Build configuration list for PBXNativeTarget "iOS09Tests" */;
			buildPhases = (
				848F1AAF1FB51DB9001D524A /* Sources */,
				848F1AB01FB51DB9001D524A /* Frameworks */,
				848F1AB11FB51DB9001D524A /* Resources */,
			);
			buildRules = (
			);
			dependencies = (
				848F1AB51FB51DB9001D524A /* PBXTargetDependency */,
			);
			name = iOS09Tests;
			productName = iOS09Tests;
			productReference = 848F1AB31FB51DB9001D524A /* iOS09Tests.xctest */;
			productType = "com.apple.product-type.bundle.unit-test";
		};
		848F1ABD1FB51DB9001D524A /* iOS09UITests */ = {
			isa = PBXNativeTarget;
			buildConfigurationList = 848F1ACD1FB51DB9001D524A /* Build configuration list for PBXNativeTarget "iOS09UITests" */;
			buildPhases = (
				848F1ABA1FB51DB9001D524A /* Sources */,
				848F1ABB1FB51DB9001D524A /* Frameworks */,
				848F1ABC1FB51DB9001D524A /* Resources */,
			);
			buildRules = (
			);
			dependencies = (
				848F1AC01FB51DB9001D524A /* PBXTargetDependency */,
			);
			name = iOS09UITests;
			productName = iOS09UITests;
			productReference = 848F1ABE1FB51DB9001D524A /* iOS09UITests.xctest */;
			productType = "com.apple.product-type.bundle.ui-testing";
		};
/* End PBXNativeTarget section */

/* Begin PBXProject section */
		848F1A941FB51DB9001D524A /* Project object */ = {
			isa = PBXProject;
			attributes = {
				LastSwiftUpdateCheck = 0910;
				LastUpgradeCheck = 0910;
				ORGANIZATIONNAME = admin;
				TargetAttributes = {
					848F1A9B1FB51DB9001D524A = {
						CreatedOnToolsVersion = 9.1;
						ProvisioningStyle = Automatic;
					};
					848F1AB21FB51DB9001D524A = {
						CreatedOnToolsVersion = 9.1;
						ProvisioningStyle = Automatic;
						TestTargetID = 848F1A9B1FB51DB9001D524A;
					};
					848F1ABD1FB51DB9001D524A = {
						CreatedOnToolsVersion = 9.1;
						ProvisioningStyle = Automatic;
						TestTargetID = 848F1A9B1FB51DB9001D524A;
					};
				};
			};
			buildConfigurationList = 848F1A971FB51DB9001D524A /* Build configuration list for PBXProject "iOS09" */;
			compatibilityVersion = "Xcode 8.0";
			developmentRegion = en;
			hasScannedForEncodings = 0;
			knownRegions = (
				en,
				Base,
			);
			mainGroup = 848F1A931FB51DB9001D524A;
			productRefGroup = 848F1A9D1FB51DB9001D524A /* Products */;
			projectDirPath = "";
			projectRoot = "";
			targets = (
				848F1A9B1FB51DB9001D524A /* iOS09 */,
				848F1AB21FB51DB9001D524A /* iOS09Tests */,
				848F1ABD1FB51DB9001D524A /* iOS09UITests */,
			);
		};
/* End PBXProject section */

/* Begin PBXResourcesBuildPhase section */
		848F1A9A1FB51DB9001D524A /* Resources */ = {
			isa = PBXResourcesBuildPhase;
			buildActionMask = 2147483647;
			files = (
				848F1AAD1FB51DB9001D524A /* LaunchScreen.storyboard in Resources */,
				848F1AAA1FB51DB9001D524A /* Assets.xcassets in Resources */,
				848F1AA51FB51DB9001D524A /* Main.storyboard in Resources */,
			);
			runOnlyForDeploymentPostprocessing = 0;
		};
		848F1AB11FB51DB9001D524A /* Resources */ = {
			isa = PBXResourcesBuildPhase;
			buildActionMask = 2147483647;
			files = (
			);
			runOnlyForDeploymentPostprocessing = 0;
		};
		848F1ABC1FB51DB9001D524A /* Resources */ = {
			isa = PBXResourcesBuildPhase;
			buildActionMask = 2147483647;
			files = (
			);
			runOnlyForDeploymentPostprocessing = 0;
		};
/* End PBXResourcesBuildPhase section */

/* Begin PBXSourcesBuildPhase section */
		848F1A981FB51DB9001D524A /* Sources */ = {
			isa = PBXSourcesBuildPhase;
			buildActionMask = 2147483647;
			files = (
				848F1AA21FB51DB9001D524A /* ViewController.swift in Sources */,
				848F1AA01FB51DB9001D524A /* AppDelegate.swift in Sources */,
				848F1AA81FB51DB9001D524A /* iOS09.xcdatamodeld in Sources */,
			);
			runOnlyForDeploymentPostprocessing = 0;
		};
		848F1AAF1FB51DB9001D524A /* Sources */ = {
			isa = PBXSourcesBuildPhase;
			buildActionMask = 2147483647;
			files = (
				848F1AB81FB51DB9001D524A /* iOS09Tests.swift in Sources */,
			);
			runOnlyForDeploymentPostprocessing = 0;
		};
		848F1ABA1FB51DB9001D524A /* Sources */ = {
			isa = PBXSourcesBuildPhase;
			buildActionMask = 2147483647;
			files = (
				848F1AC31FB51DB9001D524A /* iOS09UITests.swift in Sources */,
			);
			runOnlyForDeploymentPostprocessing = 0;
		};
/* End PBXSourcesBuildPhase section */

/* Begin PBXTargetDependency section */
		848F1AB51FB51DB9001D524A /* PBXTargetDependency */ = {
			isa = PBXTargetDependency;
			target = 848F1A9B1FB51DB9001D524A /* iOS09 */;
			targetProxy = 848F1AB41FB51DB9001D524A /* PBXContainerItemProxy */;
		};
		848F1AC01FB51DB9001D524A /* PBXTargetDependency */ = {
			isa = PBXTargetDependency;
			target = 848F1A9B1FB51DB9001D524A /* iOS09 */;
			targetProxy = 848F1ABF1FB51DB9001D524A /* PBXContainerItemProxy */;
		};
/* End PBXTargetDependency section */

/* Begin PBXVariantGroup section */
		848F1AA31FB51DB9001D524A /* Main.storyboard */ = {
			isa = PBXVariantGroup;
			children = (
				848F1AA41FB51DB9001D524A /* Base */,
			);
			name = Main.storyboard;
			sourceTree = "<group>";
		};
		848F1AAB1FB51DB9001D524A /* LaunchScreen.storyboard */ = {
			isa = PBXVariantGroup;
			children = (
				848F1AAC1FB51DB9001D524A /* Base */,
			);
			name = LaunchScreen.storyboard;
			sourceTree = "<group>";
		};
/* End PBXVariantGroup section */

/* Begin XCBuildConfiguration section */
		848F1AC51FB51DB9001D524A /* Debug */ = {
			isa = XCBuildConfiguration;
			buildSettings = {
				ALWAYS_SEARCH_USER_PATHS = NO;
				CLANG_ANALYZER_NONNULL = YES;
				CLANG_ANALYZER_NUMBER_OBJECT_CONVERSION = YES_AGGRESSIVE;
				CLANG_CXX_LANGUAGE_STANDARD = "gnu++14";
				CLANG_CXX_LIBRARY = "libc++";
				CLANG_ENABLE_MODULES = YES;
				CLANG_ENABLE_OBJC_ARC = YES;
				CLANG_WARN_BLOCK_CAPTURE_AUTORELEASING = YES;
				CLANG_WARN_BOOL_CONVERSION = YES;
				CLANG_WARN_COMMA = YES;
				CLANG_WARN_CONSTANT_CONVERSION = YES;
				CLANG_WARN_DIRECT_OBJC_ISA_USAGE = YES_ERROR;
				CLANG_WARN_DOCUMENTATION_COMMENTS = YES;
				CLANG_WARN_EMPTY_BODY = YES;
				CLANG_WARN_ENUM_CONVERSION = YES;
				CLANG_WARN_INFINITE_RECURSION = YES;
				CLANG_WARN_INT_CONVERSION = YES;
				CLANG_WARN_NON_LITERAL_NULL_CONVERSION = YES;
				CLANG_WARN_OBJC_LITERAL_CONVERSION = YES;
				CLANG_WARN_OBJC_ROOT_CLASS = YES_ERROR;
				CLANG_WARN_RANGE_LOOP_ANALYSIS = YES;
				CLANG_WARN_STRICT_PROTOTYPES = YES;
				CLANG_WARN_SUSPICIOUS_MOVE = YES;
				CLANG_WARN_UNGUARDED_AVAILABILITY = YES_AGGRESSIVE;
				CLANG_WARN_UNREACHABLE_CODE = YES;
				CLANG_WARN__DUPLICATE_METHOD_MATCH = YES;
				CODE_SIGN_IDENTITY = "iPhone Developer";
				COPY_PHASE_STRIP = NO;
				DEBUG_INFORMATION_FORMAT = dwarf;
				ENABLE_STRICT_OBJC_MSGSEND = YES;
				ENABLE_TESTABILITY = YES;
				GCC_C_LANGUAGE_STANDARD = gnu11;
				GCC_DYNAMIC_NO_PIC = NO;
				GCC_NO_COMMON_BLOCKS = YES;
				GCC_OPTIMIZATION_LEVEL = 0;
				GCC_PREPROCESSOR_DEFINITIONS = (
					"DEBUG=1",
					"$(inherited)",
				);
				GCC_WARN_64_TO_32_BIT_CONVERSION = YES;
				GCC_WARN_ABOUT_RETURN_TYPE = YES_ERROR;
				GCC_WARN_UNDECLARED_SELECTOR = YES;
				GCC_WARN_UNINITIALIZED_AUTOS = YES_AGGRESSIVE;
				GCC_WARN_UNUSED_FUNCTION = YES;
				GCC_WARN_UNUSED_VARIABLE = YES;
				IPHONEOS_DEPLOYMENT_TARGET = 11.1;
				MTL_ENABLE_DEBUG_INFO = YES;
				ONLY_ACTIVE_ARCH = YES;
				SDKROOT = iphoneos;
				SWIFT_ACTIVE_COMPILATION_CONDITIONS = DEBUG;
				SWIFT_OPTIMIZATION_LEVEL = "-Onone";
			};
			name = Debug;
		};
		848F1AC61FB51DB9001D524A /* Release */ = {
			isa = XCBuildConfiguration;
			buildSettings = {
				ALWAYS_SEARCH_USER_PATHS = NO;
				CLANG_ANALYZER_NONNULL = YES;
				CLANG_ANALYZER_NUMBER_OBJECT_CONVERSION = YES_AGGRESSIVE;
				CLANG_CXX_LANGUAGE_STANDARD = "gnu++14";
				CLANG_CXX_LIBRARY = "libc++";
				CLANG_ENABLE_MODULES = YES;
				CLANG_ENABLE_OBJC_ARC = YES;
				CLANG_WARN_BLOCK_CAPTURE_AUTORELEASING = YES;
				CLANG_WARN_BOOL_CONVERSION = YES;
				CLANG_WARN_COMMA = YES;
				CLANG_WARN_CONSTANT_CONVERSION = YES;
				CLANG_WARN_DIRECT_OBJC_ISA_USAGE = YES_ERROR;
				CLANG_WARN_DOCUMENTATION_COMMENTS = YES;
				CLANG_WARN_EMPTY_BODY = YES;
				CLANG_WARN_ENUM_CONVERSION = YES;
				CLANG_WARN_INFINITE_RECURSION = YES;
				CLANG_WARN_INT_CONVERSION = YES;
				CLANG_WARN_NON_LITERAL_NULL_CONVERSION = YES;
				CLANG_WARN_OBJC_LITERAL_CONVERSION = YES;
				CLANG_WARN_OBJC_ROOT_CLASS = YES_ERROR;
				CLANG_WARN_RANGE_LOOP_ANALYSIS = YES;
				CLANG_WARN_STRICT_PROTOTYPES = YES;
				CLANG_WARN_SUSPICIOUS_MOVE = YES;
				CLANG_WARN_UNGUARDED_AVAILABILITY = YES_AGGRESSIVE;
				CLANG_WARN_UNREACHABLE_CODE = YES;
				CLANG_WARN__DUPLICATE_METHOD_MATCH = YES;
				CODE_SIGN_IDENTITY = "iPhone Developer";
				COPY_PHASE_STRIP = NO;
				DEBUG_INFORMATION_FORMAT = "dwarf-with-dsym";
				ENABLE_NS_ASSERTIONS = NO;
				ENABLE_STRICT_OBJC_MSGSEND = YES;
				GCC_C_LANGUAGE_STANDARD = gnu11;
				GCC_NO_COMMON_BLOCKS = YES;
				GCC_WARN_64_TO_32_BIT_CONVERSION = YES;
				GCC_WARN_ABOUT_RETURN_TYPE = YES_ERROR;
				GCC_WARN_UNDECLARED_SELECTOR = YES;
				GCC_WARN_UNINITIALIZED_AUTOS = YES_AGGRESSIVE;
				GCC_WARN_UNUSED_FUNCTION = YES;
				GCC_WARN_UNUSED_VARIABLE = YES;
				IPHONEOS_DEPLOYMENT_TARGET = 11.1;
				MTL_ENABLE_DEBUG_INFO = NO;
				SDKROOT = iphoneos;
				SWIFT_OPTIMIZATION_LEVEL = "-Owholemodule";
				VALIDATE_PRODUCT = YES;
			};
			name = Release;
		};
		848F1AC81FB51DB9001D524A /* Debug */ = {
			isa = XCBuildConfiguration;
			buildSettings = {
				ASSETCATALOG_COMPILER_APPICON_NAME = AppIcon;
				CODE_SIGN_STYLE = Automatic;
				INFOPLIST_FILE = iOS09/Info.plist;
				LD_RUNPATH_SEARCH_PATHS = "$(inherited) @executable_path/Frameworks";
				PRODUCT_BUNDLE_IDENTIFIER = lmu.iOS09;
				PRODUCT_NAME = "$(TARGET_NAME)";
				SWIFT_VERSION = 4.0;
				TARGETED_DEVICE_FAMILY = "1,2";
			};
			name = Debug;
		};
		848F1AC91FB51DB9001D524A /* Release */ = {
			isa = XCBuildConfiguration;
			buildSettings = {
				ASSETCATALOG_COMPILER_APPICON_NAME = AppIcon;
				CODE_SIGN_STYLE = Automatic;
				INFOPLIST_FILE = iOS09/Info.plist;
				LD_RUNPATH_SEARCH_PATHS = "$(inherited) @executable_path/Frameworks";
				PRODUCT_BUNDLE_IDENTIFIER = lmu.iOS09;
				PRODUCT_NAME = "$(TARGET_NAME)";
				SWIFT_VERSION = 4.0;
				TARGETED_DEVICE_FAMILY = "1,2";
			};
			name = Release;
		};
		848F1ACB1FB51DB9001D524A /* Debug */ = {
			isa = XCBuildConfiguration;
			buildSettings = {
				ALWAYS_EMBED_SWIFT_STANDARD_LIBRARIES = YES;
				BUNDLE_LOADER = "$(TEST_HOST)";
				CODE_SIGN_STYLE = Automatic;
				INFOPLIST_FILE = iOS09Tests/Info.plist;
				LD_RUNPATH_SEARCH_PATHS = "$(inherited) @executable_path/Frameworks @loader_path/Frameworks";
				PRODUCT_BUNDLE_IDENTIFIER = lmu.iOS09Tests;
				PRODUCT_NAME = "$(TARGET_NAME)";
				SWIFT_VERSION = 4.0;
				TARGETED_DEVICE_FAMILY = "1,2";
				TEST_HOST = "$(BUILT_PRODUCTS_DIR)/iOS09.app/iOS09";
			};
			name = Debug;
		};
		848F1ACC1FB51DB9001D524A /* Release */ = {
			isa = XCBuildConfiguration;
			buildSettings = {
				ALWAYS_EMBED_SWIFT_STANDARD_LIBRARIES = YES;
				BUNDLE_LOADER = "$(TEST_HOST)";
				CODE_SIGN_STYLE = Automatic;
				INFOPLIST_FILE = iOS09Tests/Info.plist;
				LD_RUNPATH_SEARCH_PATHS = "$(inherited) @executable_path/Frameworks @loader_path/Frameworks";
				PRODUCT_BUNDLE_IDENTIFIER = lmu.iOS09Tests;
				PRODUCT_NAME = "$(TARGET_NAME)";
				SWIFT_VERSION = 4.0;
				TARGETED_DEVICE_FAMILY = "1,2";
				TEST_HOST = "$(BUILT_PRODUCTS_DIR)/iOS09.app/iOS09";
			};
			name = Release;
		};
		848F1ACE1FB51DB9001D524A /* Debug */ = {
			isa = XCBuildConfiguration;
			buildSettings = {
				ALWAYS_EMBED_SWIFT_STANDARD_LIBRARIES = YES;
				CODE_SIGN_STYLE = Automatic;
				INFOPLIST_FILE = iOS09UITests/Info.plist;
				LD_RUNPATH_SEARCH_PATHS = "$(inherited) @executable_path/Frameworks @loader_path/Frameworks";
				PRODUCT_BUNDLE_IDENTIFIER = lmu.iOS09UITests;
				PRODUCT_NAME = "$(TARGET_NAME)";
				SWIFT_VERSION = 4.0;
				TARGETED_DEVICE_FAMILY = "1,2";
				TEST_TARGET_NAME = iOS09;
			};
			name = Debug;
		};
		848F1ACF1FB51DB9001D524A /* Release */ = {
			isa = XCBuildConfiguration;
			buildSettings = {
				ALWAYS_EMBED_SWIFT_STANDARD_LIBRARIES = YES;
				CODE_SIGN_STYLE = Automatic;
				INFOPLIST_FILE = iOS09UITests/Info.plist;
				LD_RUNPATH_SEARCH_PATHS = "$(inherited) @executable_path/Frameworks @loader_path/Frameworks";
				PRODUCT_BUNDLE_IDENTIFIER = lmu.iOS09UITests;
				PRODUCT_NAME = "$(TARGET_NAME)";
				SWIFT_VERSION = 4.0;
				TARGETED_DEVICE_FAMILY = "1,2";
				TEST_TARGET_NAME = iOS09;
			};
			name = Release;
		};
/* End XCBuildConfiguration section */

/* Begin XCConfigurationList section */
		848F1A971FB51DB9001D524A /* Build configuration list for PBXProject "iOS09" */ = {
			isa = XCConfigurationList;
			buildConfigurations = (
				848F1AC51FB51DB9001D524A /* Debug */,
				848F1AC61FB51DB9001D524A /* Release */,
			);
			defaultConfigurationIsVisible = 0;
			defaultConfigurationName = Release;
		};
		848F1AC71FB51DB9001D524A /* Build configuration list for PBXNativeTarget "iOS09" */ = {
			isa = XCConfigurationList;
			buildConfigurations = (
				848F1AC81FB51DB9001D524A /* Debug */,
				848F1AC91FB51DB9001D524A /* Release */,
			);
			defaultConfigurationIsVisible = 0;
			defaultConfigurationName = Release;
		};
		848F1ACA1FB51DB9001D524A /* Build configuration list for PBXNativeTarget "iOS09Tests" */ = {
			isa = XCConfigurationList;
			buildConfigurations = (
				848F1ACB1FB51DB9001D524A /* Debug */,
				848F1ACC1FB51DB9001D524A /* Release */,
			);
			defaultConfigurationIsVisible = 0;
			defaultConfigurationName = Release;
		};
		848F1ACD1FB51DB9001D524A /* Build configuration list for PBXNativeTarget "iOS09UITests" */ = {
			isa = XCConfigurationList;
			buildConfigurations = (
				848F1ACE1FB51DB9001D524A /* Debug */,
				848F1ACF1FB51DB9001D524A /* Release */,
			);
			defaultConfigurationIsVisible = 0;
			defaultConfigurationName = Release;
		};
/* End XCConfigurationList section */

/* Begin XCVersionGroup section */
		848F1AA61FB51DB9001D524A /* iOS09.xcdatamodeld */ = {
			isa = XCVersionGroup;
			children = (
				848F1AA71FB51DB9001D524A /* iOS09.xcdatamodel */,
			);
			currentVersion = 848F1AA71FB51DB9001D524A /* iOS09.xcdatamodel */;
			path = iOS09.xcdatamodeld;
			sourceTree = "<group>";
			versionGroupType = wrapper.xcdatamodel;
		};
/* End XCVersionGroup section */
	};
	rootObject = 848F1A941FB51DB9001D524A /* Project object */;
}
